// !$*UTF8*$!
{
	archiveVersion = 1;
	classes = {
	};
	objectVersion = 46;
	objects = {

/* Begin PBXBuildFile section */
		1909C1671EF26DCB00EE5183 /* InfoPlist.strings in Resources */ = {isa = PBXBuildFile; fileRef = 1909C1691EF26DCB00EE5183 /* InfoPlist.strings */; };
		1909C1701EF278D300EE5183 /* Localizable.strings in Resources */ = {isa = PBXBuildFile; fileRef = 1909C1721EF278D300EE5183 /* Localizable.strings */; };
		190B21BE1EEFA9C2007067B7 /* TutoriaInsideViewController.swift in Sources */ = {isa = PBXBuildFile; fileRef = 190B21BD1EEFA9C2007067B7 /* TutoriaInsideViewController.swift */; };
		190B21BF1EEFD41E007067B7 /* Main.storyboard in Resources */ = {isa = PBXBuildFile; fileRef = 190B21C11EEFD41E007067B7 /* Main.storyboard */; };
		190F3A1C1F07840000AF9851 /* UIViewX.swift in Sources */ = {isa = PBXBuildFile; fileRef = 190F3A1B1F07840000AF9851 /* UIViewX.swift */; };
		73E59CAE7906529E9934E916 /* Pods_paeban_ios_beta.framework in Frameworks */ = {isa = PBXBuildFile; fileRef = 5DA9AB49DFA16020BF975A80 /* Pods_paeban_ios_beta.framework */; };
		9301F6041D1D16F900D1F8C0 /* TopicSearchBar.swift in Sources */ = {isa = PBXBuildFile; fileRef = 9301F6031D1D16F900D1F8C0 /* TopicSearchBar.swift */; };
		9301F6061D1D1A2800D1F8C0 /* TopicSearchController.swift in Sources */ = {isa = PBXBuildFile; fileRef = 9301F6051D1D1A2800D1F8C0 /* TopicSearchController.swift */; };
		93077EEA1E20DDB3004900FF /* CustomMessagesCollectionViewCellIncoming.swift in Sources */ = {isa = PBXBuildFile; fileRef = 93077EE91E20DDB3004900FF /* CustomMessagesCollectionViewCellIncoming.swift */; };
		93077EEC1E20DDCF004900FF /* CustomMessagesCollectionViewCellOutgoing.swift in Sources */ = {isa = PBXBuildFile; fileRef = 93077EEB1E20DDCF004900FF /* CustomMessagesCollectionViewCellOutgoing.swift */; };
		93077EEE1E20DEB1004900FF /* CustomMessagesCollectionViewCellIncoming.xib in Resources */ = {isa = PBXBuildFile; fileRef = 93077EED1E20DEB1004900FF /* CustomMessagesCollectionViewCellIncoming.xib */; };
		93077EF01E20E035004900FF /* CustomMessagesCollectionViewCellOutgoing.xib in Resources */ = {isa = PBXBuildFile; fileRef = 93077EEF1E20E035004900FF /* CustomMessagesCollectionViewCellOutgoing.xib */; };
		93077EF21E210F28004900FF /* CustomMessagesCollectionViewCell.swift in Sources */ = {isa = PBXBuildFile; fileRef = 93077EF11E210F28004900FF /* CustomMessagesCollectionViewCell.swift */; };
		930983E21D0166F5005B8E3B /* MyTopics.swift in Sources */ = {isa = PBXBuildFile; fileRef = 930983E11D0166F5005B8E3B /* MyTopics.swift */; };
		930983E81D056971005B8E3B /* HashTagsContorller.swift in Sources */ = {isa = PBXBuildFile; fileRef = 930983E71D056971005B8E3B /* HashTagsContorller.swift */; };
		930BBCCA1DED626900939C0D /* TPage_1ViewController.swift in Sources */ = {isa = PBXBuildFile; fileRef = 930BBCC91DED626900939C0D /* TPage_1ViewController.swift */; };
		930BBCCC1DED627D00939C0D /* TPage_2ViewController.swift in Sources */ = {isa = PBXBuildFile; fileRef = 930BBCCB1DED627D00939C0D /* TPage_2ViewController.swift */; };
		930BBCCF1DED634300939C0D /* TutorialPageViewController.swift in Sources */ = {isa = PBXBuildFile; fileRef = 930BBCCE1DED634300939C0D /* TutorialPageViewController.swift */; };
		930F90D81DEAC07200346A13 /* EULAViewController.swift in Sources */ = {isa = PBXBuildFile; fileRef = 930F90D71DEAC07200346A13 /* EULAViewController.swift */; };
		932A00E21CFEBA460036E1EA /* AppDelegate.swift in Sources */ = {isa = PBXBuildFile; fileRef = 932A00D01CFEBA460036E1EA /* AppDelegate.swift */; };
		932A00E31CFEBA460036E1EA /* ToolsFunction.swift in Sources */ = {isa = PBXBuildFile; fileRef = 932A00D11CFEBA460036E1EA /* ToolsFunction.swift */; };
		932A00E41CFEBA460036E1EA /* ViewController.swift in Sources */ = {isa = PBXBuildFile; fileRef = 932A00D21CFEBA460036E1EA /* ViewController.swift */; };
		932A00E51CFEBA460036E1EA /* ＨttpRequestCenter.swift in Sources */ = {isa = PBXBuildFile; fileRef = 932A00D31CFEBA460036E1EA /* ＨttpRequestCenter.swift */; };
		932A00E61CFEBA460036E1EA /* Topic.swift in Sources */ = {isa = PBXBuildFile; fileRef = 932A00D41CFEBA460036E1EA /* Topic.swift */; };
		932A00E71CFEBA460036E1EA /* TopicTableViewController.swift in Sources */ = {isa = PBXBuildFile; fileRef = 932A00D51CFEBA460036E1EA /* TopicTableViewController.swift */; };
		932A00E81CFEBA460036E1EA /* TopicCellTableViewCell.swift in Sources */ = {isa = PBXBuildFile; fileRef = 932A00D61CFEBA460036E1EA /* TopicCellTableViewCell.swift */; };
		932A00EB1CFEBA460036E1EA /* TopicNavViewController.swift in Sources */ = {isa = PBXBuildFile; fileRef = 932A00D91CFEBA460036E1EA /* TopicNavViewController.swift */; };
		932A00EC1CFEBA460036E1EA /* TopicViewController.swift in Sources */ = {isa = PBXBuildFile; fileRef = 932A00DA1CFEBA460036E1EA /* TopicViewController.swift */; };
		932A00ED1CFEBA460036E1EA /* Labels.swift in Sources */ = {isa = PBXBuildFile; fileRef = 932A00DB1CFEBA460036E1EA /* Labels.swift */; };
		932A00EE1CFEBA460036E1EA /* MyTopicTableViewCell.swift in Sources */ = {isa = PBXBuildFile; fileRef = 932A00DC1CFEBA460036E1EA /* MyTopicTableViewCell.swift */; };
		932A00EF1CFEBA460036E1EA /* MyTopicTableViewController.swift in Sources */ = {isa = PBXBuildFile; fileRef = 932A00DD1CFEBA460036E1EA /* MyTopicTableViewController.swift */; };
		932A00F01CFEBA460036E1EA /* ChatViewController.swift in Sources */ = {isa = PBXBuildFile; fileRef = 932A00DE1CFEBA460036E1EA /* ChatViewController.swift */; };
		932A00F11CFEBA460036E1EA /* LaunchScreenViewController.swift in Sources */ = {isa = PBXBuildFile; fileRef = 932A00DF1CFEBA460036E1EA /* LaunchScreenViewController.swift */; };
		932A00F21CFEBA460036E1EA /* Login_paeban.swift in Sources */ = {isa = PBXBuildFile; fileRef = 932A00E01CFEBA460036E1EA /* Login_paeban.swift */; };
		932A00F31CFEBA460036E1EA /* web_socket.swift in Sources */ = {isa = PBXBuildFile; fileRef = 932A00E11CFEBA460036E1EA /* web_socket.swift */; };
		932A00F51D0025AC0036E1EA /* Assets.xcassets in Resources */ = {isa = PBXBuildFile; fileRef = 932A00F41D0025AC0036E1EA /* Assets.xcassets */; };
		932D0D6F1DA0D8B800ACA795 /* RecentNavViewController.swift in Sources */ = {isa = PBXBuildFile; fileRef = 932D0D6E1DA0D8B800ACA795 /* RecentNavViewController.swift */; };
		932D0D711DA0F61100ACA795 /* MytopicNavViewController.swift in Sources */ = {isa = PBXBuildFile; fileRef = 932D0D701DA0F61100ACA795 /* MytopicNavViewController.swift */; };
		932D0D731DA0F65700ACA795 /* FriendNavViewController.swift in Sources */ = {isa = PBXBuildFile; fileRef = 932D0D721DA0F65700ACA795 /* FriendNavViewController.swift */; };
		933B77921DCDCD5800110D8C /* SettingProfilePicViewController.swift in Sources */ = {isa = PBXBuildFile; fileRef = 933B77911DCDCD5800110D8C /* SettingProfilePicViewController.swift */; };
		934EBB001DCB0A3600FB9748 /* Designable.swift in Sources */ = {isa = PBXBuildFile; fileRef = 934EBAFF1DCB0A3600FB9748 /* Designable.swift */; };
		936F9FEF1D72C50200A3F1C9 /* MyTopicViewController.swift in Sources */ = {isa = PBXBuildFile; fileRef = 936F9FEE1D72C50200A3F1C9 /* MyTopicViewController.swift */; };
		938828331DEDBD8D006E66AC /* RegistAndLoginViewController.swift in Sources */ = {isa = PBXBuildFile; fileRef = 938828321DEDBD8D006E66AC /* RegistAndLoginViewController.swift */; };
		9390D06D1DE82EE400FEC14A /* FriendInvitedListTableViewCell.swift in Sources */ = {isa = PBXBuildFile; fileRef = 9390D06C1DE82EE400FEC14A /* FriendInvitedListTableViewCell.swift */; };
		9390D06F1DE82F8C00FEC14A /* FriendInvitedCellTableViewCell.swift in Sources */ = {isa = PBXBuildFile; fileRef = 9390D06E1DE82F8C00FEC14A /* FriendInvitedCellTableViewCell.swift */; };
		93AEF28C1D002A2C007FDE51 /* Launch Screen.storyboard in Resources */ = {isa = PBXBuildFile; fileRef = 93AEF28B1D002A2C007FDE51 /* Launch Screen.storyboard */; };
		93B40BE91DB8B7DB00AC3D48 /* SignInNavViewController.swift in Sources */ = {isa = PBXBuildFile; fileRef = 93B40BE81DB8B7DB00AC3D48 /* SignInNavViewController.swift */; };
		CF13867E1D98CE0600E70990 /* LoginScrollView.swift in Sources */ = {isa = PBXBuildFile; fileRef = CF13867D1D98CE0600E70990 /* LoginScrollView.swift */; };
		CF288A991E67FF290052DFE8 /* IAPurchaseViewController.swift in Sources */ = {isa = PBXBuildFile; fileRef = CF288A981E67FF290052DFE8 /* IAPurchaseViewController.swift */; };
		CF2A076C1D7D42CE005B0358 /* FriendChatUpViewController.swift in Sources */ = {isa = PBXBuildFile; fileRef = CF2A076B1D7D42CE005B0358 /* FriendChatUpViewController.swift */; };
		CF2E9D621D7BDF9E00F485BB /* FriendTableViewController.swift in Sources */ = {isa = PBXBuildFile; fileRef = CF2E9D611D7BDF9E00F485BB /* FriendTableViewController.swift */; };
		CF2E9D641D7BDFC000F485BB /* FriendTableViewCell.swift in Sources */ = {isa = PBXBuildFile; fileRef = CF2E9D631D7BDFC000F485BB /* FriendTableViewCell.swift */; };
		CF2E9D661D7BDFE300F485BB /* FriendTableViewMedol.swift in Sources */ = {isa = PBXBuildFile; fileRef = CF2E9D651D7BDFE300F485BB /* FriendTableViewMedol.swift */; };
		CF2E9D681D7BE33C00F485BB /* FriendStanderType.swift in Sources */ = {isa = PBXBuildFile; fileRef = CF2E9D671D7BE33C00F485BB /* FriendStanderType.swift */; };
		CF2E9D6A1D7C76D600F485BB /* FriendChatViewController.swift in Sources */ = {isa = PBXBuildFile; fileRef = CF2E9D691D7C76D600F485BB /* FriendChatViewController.swift */; };
		CF337E051DACEFEC003A133C /* SinInFramViewController.swift in Sources */ = {isa = PBXBuildFile; fileRef = CF337E041DACEFEC003A133C /* SinInFramViewController.swift */; };
		CF42B8AE1E7D6BAC001924F0 /* MapKit.framework in Frameworks */ = {isa = PBXBuildFile; fileRef = CF42B8AD1E7D6BAC001924F0 /* MapKit.framework */; };
		CF4AE9A31EDD7DDE00EB83DC /* Block_list_center.swift in Sources */ = {isa = PBXBuildFile; fileRef = CF4AE9A21EDD7DDE00EB83DC /* Block_list_center.swift */; };
		CF5E24B61ED1875A00ACC164 /* Client_detail_data.swift in Sources */ = {isa = PBXBuildFile; fileRef = CF5E24B51ED1875A00ACC164 /* Client_detail_data.swift */; };
		CF79265E1DA0E71D00821860 /* SingInViewController.swift in Sources */ = {isa = PBXBuildFile; fileRef = CF79265D1DA0E71D00821860 /* SingInViewController.swift */; };
		CF7926601DA0E74200821860 /* SingInModel.swift in Sources */ = {isa = PBXBuildFile; fileRef = CF79265F1DA0E74200821860 /* SingInModel.swift */; };
		CF89EF781DD34E1F00876298 /* NotificationDelegate.swift in Sources */ = {isa = PBXBuildFile; fileRef = CF89EF771DD34E1F00876298 /* NotificationDelegate.swift */; };
		CF89EF7A1DD498C700876298 /* TabBarController.swift in Sources */ = {isa = PBXBuildFile; fileRef = CF89EF791DD498C700876298 /* TabBarController.swift */; };
		CF8F64D71EA4F6820073D433 /* LoadingView.swift in Sources */ = {isa = PBXBuildFile; fileRef = CF8F64D61EA4F6820073D433 /* LoadingView.swift */; };
		CF9E372E1E21E41D0077C7C9 /* Sql_center.swift in Sources */ = {isa = PBXBuildFile; fileRef = CF9E372D1E21E41D0077C7C9 /* Sql_center.swift */; };
		CF9E37301E2229AE0077C7C9 /* libsqlite3.tbd in Frameworks */ = {isa = PBXBuildFile; fileRef = CF9E372F1E2229AE0077C7C9 /* libsqlite3.tbd */; };
		CFAC257F1D310EE300149CC6 /* TopicSecTableViewCell.swift in Sources */ = {isa = PBXBuildFile; fileRef = CFAC257E1D310EE300149CC6 /* TopicSecTableViewCell.swift */; };
		CFB83DF61DFFA7370029C475 /* MyTopicTableViewModel.swift in Sources */ = {isa = PBXBuildFile; fileRef = CFB83DF51DFFA7370029C475 /* MyTopicTableViewModel.swift */; };
		CFBA00AF1DB4CE5C00400C98 /* SettingViewController.swift in Sources */ = {isa = PBXBuildFile; fileRef = CFBA00AE1DB4CE5C00400C98 /* SettingViewController.swift */; };
		CFCC8A851D78327800D5EDF6 /* RecentTableViewCell.swift in Sources */ = {isa = PBXBuildFile; fileRef = CFCC8A841D78327800D5EDF6 /* RecentTableViewCell.swift */; };
		CFCC8A891D78329C00D5EDF6 /* RecentTableViewModel.swift in Sources */ = {isa = PBXBuildFile; fileRef = CFCC8A881D78329C00D5EDF6 /* RecentTableViewModel.swift */; };
		CFCC8A8B1D78336500D5EDF6 /* RecentTableViewController.swift in Sources */ = {isa = PBXBuildFile; fileRef = CFCC8A8A1D78336500D5EDF6 /* RecentTableViewController.swift */; };
		CFD48D671DCB13FD006C48A2 /* EditViewController.swift in Sources */ = {isa = PBXBuildFile; fileRef = CFD48D661DCB13FD006C48A2 /* EditViewController.swift */; };
		CFDD861E1E4861540018EC7C /* StoreKit.framework in Frameworks */ = {isa = PBXBuildFile; fileRef = CFDD861D1E4861540018EC7C /* StoreKit.framework */; };
		CFE9E4D41D376F7F007B5D76 /* TableViewLoadingCell.swift in Sources */ = {isa = PBXBuildFile; fileRef = CFE9E4D31D376F7F007B5D76 /* TableViewLoadingCell.swift */; };
		CFF6C4161E9F4D5200A191FD /* suport_func.swift in Sources */ = {isa = PBXBuildFile; fileRef = CFF6C4151E9F4D5200A191FD /* suport_func.swift */; };
/* End PBXBuildFile section */

/* Begin PBXFileReference section */
		1909C1641EF26CC000EE5183 /* ja */ = {isa = PBXFileReference; lastKnownFileType = text.plist.strings; name = ja; path = ja.lproj/Main.strings; sourceTree = "<group>"; };
		1909C1681EF26DCB00EE5183 /* en */ = {isa = PBXFileReference; lastKnownFileType = text.plist.strings; name = en; path = en.lproj/InfoPlist.strings; sourceTree = "<group>"; };
		1909C16A1EF26DE700EE5183 /* ja */ = {isa = PBXFileReference; lastKnownFileType = text.plist.strings; name = ja; path = ja.lproj/InfoPlist.strings; sourceTree = "<group>"; };
		1909C16B1EF270E000EE5183 /* zh-Hans */ = {isa = PBXFileReference; lastKnownFileType = text.plist.strings; name = "zh-Hans"; path = "zh-Hans.lproj/Main.strings"; sourceTree = "<group>"; };
		1909C16C1EF270E000EE5183 /* zh-Hans */ = {isa = PBXFileReference; lastKnownFileType = text.plist.strings; name = "zh-Hans"; path = "zh-Hans.lproj/InfoPlist.strings"; sourceTree = "<group>"; };
		1909C1711EF278D300EE5183 /* en */ = {isa = PBXFileReference; lastKnownFileType = text.plist.strings; name = en; path = en.lproj/Localizable.strings; sourceTree = "<group>"; };
		1909C1731EF2797E00EE5183 /* zh-Hans */ = {isa = PBXFileReference; lastKnownFileType = text.plist.strings; name = "zh-Hans"; path = "zh-Hans.lproj/Localizable.strings"; sourceTree = "<group>"; };
		190B21BD1EEFA9C2007067B7 /* TutoriaInsideViewController.swift */ = {isa = PBXFileReference; fileEncoding = 4; lastKnownFileType = sourcecode.swift; path = TutoriaInsideViewController.swift; sourceTree = "<group>"; };
		190B21C01EEFD41E007067B7 /* Base */ = {isa = PBXFileReference; lastKnownFileType = file.storyboard; name = Base; path = Base.lproj/Main.storyboard; sourceTree = "<group>"; };
		190B21C31EEFD42E007067B7 /* en */ = {isa = PBXFileReference; lastKnownFileType = text.plist.strings; name = en; path = en.lproj/Main.strings; sourceTree = "<group>"; };
		190F3A1B1F07840000AF9851 /* UIViewX.swift */ = {isa = PBXFileReference; fileEncoding = 4; lastKnownFileType = sourcecode.swift; path = UIViewX.swift; sourceTree = "<group>"; };
		5DA9AB49DFA16020BF975A80 /* Pods_paeban_ios_beta.framework */ = {isa = PBXFileReference; explicitFileType = wrapper.framework; includeInIndex = 0; path = Pods_paeban_ios_beta.framework; sourceTree = BUILT_PRODUCTS_DIR; };
		9301F6031D1D16F900D1F8C0 /* TopicSearchBar.swift */ = {isa = PBXFileReference; fileEncoding = 4; lastKnownFileType = sourcecode.swift; path = TopicSearchBar.swift; sourceTree = "<group>"; };
		9301F6051D1D1A2800D1F8C0 /* TopicSearchController.swift */ = {isa = PBXFileReference; fileEncoding = 4; lastKnownFileType = sourcecode.swift; path = TopicSearchController.swift; sourceTree = "<group>"; };
		93077EE91E20DDB3004900FF /* CustomMessagesCollectionViewCellIncoming.swift */ = {isa = PBXFileReference; fileEncoding = 4; lastKnownFileType = sourcecode.swift; path = CustomMessagesCollectionViewCellIncoming.swift; sourceTree = "<group>"; };
		93077EEB1E20DDCF004900FF /* CustomMessagesCollectionViewCellOutgoing.swift */ = {isa = PBXFileReference; fileEncoding = 4; lastKnownFileType = sourcecode.swift; path = CustomMessagesCollectionViewCellOutgoing.swift; sourceTree = "<group>"; };
		93077EED1E20DEB1004900FF /* CustomMessagesCollectionViewCellIncoming.xib */ = {isa = PBXFileReference; fileEncoding = 4; lastKnownFileType = file.xib; path = CustomMessagesCollectionViewCellIncoming.xib; sourceTree = "<group>"; };
		93077EEF1E20E035004900FF /* CustomMessagesCollectionViewCellOutgoing.xib */ = {isa = PBXFileReference; fileEncoding = 4; lastKnownFileType = file.xib; path = CustomMessagesCollectionViewCellOutgoing.xib; sourceTree = "<group>"; };
		93077EF11E210F28004900FF /* CustomMessagesCollectionViewCell.swift */ = {isa = PBXFileReference; fileEncoding = 4; lastKnownFileType = sourcecode.swift; path = CustomMessagesCollectionViewCell.swift; sourceTree = "<group>"; };
		930983E11D0166F5005B8E3B /* MyTopics.swift */ = {isa = PBXFileReference; fileEncoding = 4; lastKnownFileType = sourcecode.swift; path = MyTopics.swift; sourceTree = "<group>"; };
		930983E71D056971005B8E3B /* HashTagsContorller.swift */ = {isa = PBXFileReference; fileEncoding = 4; lastKnownFileType = sourcecode.swift; path = HashTagsContorller.swift; sourceTree = "<group>"; };
		930BBCC91DED626900939C0D /* TPage_1ViewController.swift */ = {isa = PBXFileReference; fileEncoding = 4; lastKnownFileType = sourcecode.swift; path = TPage_1ViewController.swift; sourceTree = "<group>"; };
		930BBCCB1DED627D00939C0D /* TPage_2ViewController.swift */ = {isa = PBXFileReference; fileEncoding = 4; lastKnownFileType = sourcecode.swift; path = TPage_2ViewController.swift; sourceTree = "<group>"; };
		930BBCCE1DED634300939C0D /* TutorialPageViewController.swift */ = {isa = PBXFileReference; fileEncoding = 4; lastKnownFileType = sourcecode.swift; path = TutorialPageViewController.swift; sourceTree = "<group>"; };
		930F90D71DEAC07200346A13 /* EULAViewController.swift */ = {isa = PBXFileReference; fileEncoding = 4; lastKnownFileType = sourcecode.swift; path = EULAViewController.swift; sourceTree = "<group>"; };
		931FF1911CFEA848000E7F8A /* paeban_ios_beta.app */ = {isa = PBXFileReference; explicitFileType = wrapper.application; includeInIndex = 0; path = paeban_ios_beta.app; sourceTree = BUILT_PRODUCTS_DIR; };
		931FF1A01CFEA848000E7F8A /* Info.plist */ = {isa = PBXFileReference; lastKnownFileType = text.plist.xml; path = Info.plist; sourceTree = "<group>"; };
		932A00D01CFEBA460036E1EA /* AppDelegate.swift */ = {isa = PBXFileReference; fileEncoding = 4; lastKnownFileType = sourcecode.swift; path = AppDelegate.swift; sourceTree = "<group>"; };
		932A00D11CFEBA460036E1EA /* ToolsFunction.swift */ = {isa = PBXFileReference; fileEncoding = 4; lastKnownFileType = sourcecode.swift; path = ToolsFunction.swift; sourceTree = "<group>"; };
		932A00D21CFEBA460036E1EA /* ViewController.swift */ = {isa = PBXFileReference; fileEncoding = 4; lastKnownFileType = sourcecode.swift; path = ViewController.swift; sourceTree = "<group>"; };
		932A00D31CFEBA460036E1EA /* ＨttpRequestCenter.swift */ = {isa = PBXFileReference; fileEncoding = 4; lastKnownFileType = sourcecode.swift; path = "ＨttpRequestCenter.swift"; sourceTree = "<group>"; };
		932A00D41CFEBA460036E1EA /* Topic.swift */ = {isa = PBXFileReference; fileEncoding = 4; lastKnownFileType = sourcecode.swift; path = Topic.swift; sourceTree = "<group>"; };
		932A00D51CFEBA460036E1EA /* TopicTableViewController.swift */ = {isa = PBXFileReference; fileEncoding = 4; lastKnownFileType = sourcecode.swift; path = TopicTableViewController.swift; sourceTree = "<group>"; };
		932A00D61CFEBA460036E1EA /* TopicCellTableViewCell.swift */ = {isa = PBXFileReference; fileEncoding = 4; lastKnownFileType = sourcecode.swift; path = TopicCellTableViewCell.swift; sourceTree = "<group>"; };
		932A00D91CFEBA460036E1EA /* TopicNavViewController.swift */ = {isa = PBXFileReference; fileEncoding = 4; lastKnownFileType = sourcecode.swift; path = TopicNavViewController.swift; sourceTree = "<group>"; };
		932A00DA1CFEBA460036E1EA /* TopicViewController.swift */ = {isa = PBXFileReference; fileEncoding = 4; lastKnownFileType = sourcecode.swift; path = TopicViewController.swift; sourceTree = "<group>"; };
		932A00DB1CFEBA460036E1EA /* Labels.swift */ = {isa = PBXFileReference; fileEncoding = 4; lastKnownFileType = sourcecode.swift; path = Labels.swift; sourceTree = "<group>"; };
		932A00DC1CFEBA460036E1EA /* MyTopicTableViewCell.swift */ = {isa = PBXFileReference; fileEncoding = 4; lastKnownFileType = sourcecode.swift; path = MyTopicTableViewCell.swift; sourceTree = "<group>"; };
		932A00DD1CFEBA460036E1EA /* MyTopicTableViewController.swift */ = {isa = PBXFileReference; fileEncoding = 4; lastKnownFileType = sourcecode.swift; path = MyTopicTableViewController.swift; sourceTree = "<group>"; };
		932A00DE1CFEBA460036E1EA /* ChatViewController.swift */ = {isa = PBXFileReference; fileEncoding = 4; lastKnownFileType = sourcecode.swift; path = ChatViewController.swift; sourceTree = "<group>"; };
		932A00DF1CFEBA460036E1EA /* LaunchScreenViewController.swift */ = {isa = PBXFileReference; fileEncoding = 4; lastKnownFileType = sourcecode.swift; path = LaunchScreenViewController.swift; sourceTree = "<group>"; };
		932A00E01CFEBA460036E1EA /* Login_paeban.swift */ = {isa = PBXFileReference; fileEncoding = 4; lastKnownFileType = sourcecode.swift; path = Login_paeban.swift; sourceTree = "<group>"; };
		932A00E11CFEBA460036E1EA /* web_socket.swift */ = {isa = PBXFileReference; fileEncoding = 4; lastKnownFileType = sourcecode.swift; path = web_socket.swift; sourceTree = "<group>"; };
		932A00F41D0025AC0036E1EA /* Assets.xcassets */ = {isa = PBXFileReference; lastKnownFileType = folder.assetcatalog; path = Assets.xcassets; sourceTree = "<group>"; };
		932D0D6E1DA0D8B800ACA795 /* RecentNavViewController.swift */ = {isa = PBXFileReference; fileEncoding = 4; lastKnownFileType = sourcecode.swift; path = RecentNavViewController.swift; sourceTree = "<group>"; };
		932D0D701DA0F61100ACA795 /* MytopicNavViewController.swift */ = {isa = PBXFileReference; fileEncoding = 4; lastKnownFileType = sourcecode.swift; path = MytopicNavViewController.swift; sourceTree = "<group>"; };
		932D0D721DA0F65700ACA795 /* FriendNavViewController.swift */ = {isa = PBXFileReference; fileEncoding = 4; lastKnownFileType = sourcecode.swift; path = FriendNavViewController.swift; sourceTree = "<group>"; };
		933B77911DCDCD5800110D8C /* SettingProfilePicViewController.swift */ = {isa = PBXFileReference; fileEncoding = 4; lastKnownFileType = sourcecode.swift; path = SettingProfilePicViewController.swift; sourceTree = "<group>"; };
		934EBAFF1DCB0A3600FB9748 /* Designable.swift */ = {isa = PBXFileReference; fileEncoding = 4; lastKnownFileType = sourcecode.swift; path = Designable.swift; sourceTree = "<group>"; };
		936F9FEE1D72C50200A3F1C9 /* MyTopicViewController.swift */ = {isa = PBXFileReference; fileEncoding = 4; lastKnownFileType = sourcecode.swift; path = MyTopicViewController.swift; sourceTree = "<group>"; };
		938828321DEDBD8D006E66AC /* RegistAndLoginViewController.swift */ = {isa = PBXFileReference; fileEncoding = 4; lastKnownFileType = sourcecode.swift; path = RegistAndLoginViewController.swift; sourceTree = "<group>"; };
		9390D06C1DE82EE400FEC14A /* FriendInvitedListTableViewCell.swift */ = {isa = PBXFileReference; fileEncoding = 4; lastKnownFileType = sourcecode.swift; path = FriendInvitedListTableViewCell.swift; sourceTree = "<group>"; };
		9390D06E1DE82F8C00FEC14A /* FriendInvitedCellTableViewCell.swift */ = {isa = PBXFileReference; fileEncoding = 4; lastKnownFileType = sourcecode.swift; path = FriendInvitedCellTableViewCell.swift; sourceTree = "<group>"; };
		93AEF28B1D002A2C007FDE51 /* Launch Screen.storyboard */ = {isa = PBXFileReference; fileEncoding = 4; lastKnownFileType = file.storyboard; path = "Launch Screen.storyboard"; sourceTree = "<group>"; };
		93B40BE81DB8B7DB00AC3D48 /* SignInNavViewController.swift */ = {isa = PBXFileReference; fileEncoding = 4; lastKnownFileType = sourcecode.swift; path = SignInNavViewController.swift; sourceTree = "<group>"; };
		BAC8DE25847EF16A13E40E0D /* Pods-paeban_ios_beta.release.xcconfig */ = {isa = PBXFileReference; includeInIndex = 1; lastKnownFileType = text.xcconfig; name = "Pods-paeban_ios_beta.release.xcconfig"; path = "Pods/Target Support Files/Pods-paeban_ios_beta/Pods-paeban_ios_beta.release.xcconfig"; sourceTree = "<group>"; };
		CCB2ABAD6DC20E3AE8B85FBB /* Pods-paeban_ios_beta.debug.xcconfig */ = {isa = PBXFileReference; includeInIndex = 1; lastKnownFileType = text.xcconfig; name = "Pods-paeban_ios_beta.debug.xcconfig"; path = "Pods/Target Support Files/Pods-paeban_ios_beta/Pods-paeban_ios_beta.debug.xcconfig"; sourceTree = "<group>"; };
		CF13867D1D98CE0600E70990 /* LoginScrollView.swift */ = {isa = PBXFileReference; fileEncoding = 4; lastKnownFileType = sourcecode.swift; path = LoginScrollView.swift; sourceTree = "<group>"; };
		CF288A981E67FF290052DFE8 /* IAPurchaseViewController.swift */ = {isa = PBXFileReference; fileEncoding = 4; lastKnownFileType = sourcecode.swift; path = IAPurchaseViewController.swift; sourceTree = "<group>"; };
		CF2A076B1D7D42CE005B0358 /* FriendChatUpViewController.swift */ = {isa = PBXFileReference; fileEncoding = 4; lastKnownFileType = sourcecode.swift; path = FriendChatUpViewController.swift; sourceTree = "<group>"; };
		CF2E9D611D7BDF9E00F485BB /* FriendTableViewController.swift */ = {isa = PBXFileReference; fileEncoding = 4; lastKnownFileType = sourcecode.swift; path = FriendTableViewController.swift; sourceTree = "<group>"; };
		CF2E9D631D7BDFC000F485BB /* FriendTableViewCell.swift */ = {isa = PBXFileReference; fileEncoding = 4; lastKnownFileType = sourcecode.swift; path = FriendTableViewCell.swift; sourceTree = "<group>"; };
		CF2E9D651D7BDFE300F485BB /* FriendTableViewMedol.swift */ = {isa = PBXFileReference; fileEncoding = 4; lastKnownFileType = sourcecode.swift; path = FriendTableViewMedol.swift; sourceTree = "<group>"; };
		CF2E9D671D7BE33C00F485BB /* FriendStanderType.swift */ = {isa = PBXFileReference; fileEncoding = 4; lastKnownFileType = sourcecode.swift; path = FriendStanderType.swift; sourceTree = "<group>"; };
		CF2E9D691D7C76D600F485BB /* FriendChatViewController.swift */ = {isa = PBXFileReference; fileEncoding = 4; lastKnownFileType = sourcecode.swift; path = FriendChatViewController.swift; sourceTree = "<group>"; };
		CF337E041DACEFEC003A133C /* SinInFramViewController.swift */ = {isa = PBXFileReference; fileEncoding = 4; lastKnownFileType = sourcecode.swift; path = SinInFramViewController.swift; sourceTree = "<group>"; };
		CF42B8AD1E7D6BAC001924F0 /* MapKit.framework */ = {isa = PBXFileReference; lastKnownFileType = wrapper.framework; name = MapKit.framework; path = System/Library/Frameworks/MapKit.framework; sourceTree = SDKROOT; };
		CF4AE9A21EDD7DDE00EB83DC /* Block_list_center.swift */ = {isa = PBXFileReference; fileEncoding = 4; lastKnownFileType = sourcecode.swift; path = Block_list_center.swift; sourceTree = "<group>"; };
		CF5E24B51ED1875A00ACC164 /* Client_detail_data.swift */ = {isa = PBXFileReference; fileEncoding = 4; lastKnownFileType = sourcecode.swift; path = Client_detail_data.swift; sourceTree = "<group>"; };
		CF79265D1DA0E71D00821860 /* SingInViewController.swift */ = {isa = PBXFileReference; fileEncoding = 4; lastKnownFileType = sourcecode.swift; path = SingInViewController.swift; sourceTree = "<group>"; };
		CF79265F1DA0E74200821860 /* SingInModel.swift */ = {isa = PBXFileReference; fileEncoding = 4; lastKnownFileType = sourcecode.swift; path = SingInModel.swift; sourceTree = "<group>"; };
		CF89EF771DD34E1F00876298 /* NotificationDelegate.swift */ = {isa = PBXFileReference; fileEncoding = 4; lastKnownFileType = sourcecode.swift; path = NotificationDelegate.swift; sourceTree = "<group>"; };
		CF89EF791DD498C700876298 /* TabBarController.swift */ = {isa = PBXFileReference; fileEncoding = 4; lastKnownFileType = sourcecode.swift; path = TabBarController.swift; sourceTree = "<group>"; };
		CF8F64D61EA4F6820073D433 /* LoadingView.swift */ = {isa = PBXFileReference; fileEncoding = 4; lastKnownFileType = sourcecode.swift; path = LoadingView.swift; sourceTree = "<group>"; };
		CF9D62D51D903B61003ECB3F /* paeban_ios_beta.entitlements */ = {isa = PBXFileReference; lastKnownFileType = text.xml; path = paeban_ios_beta.entitlements; sourceTree = "<group>"; };
		CF9E372D1E21E41D0077C7C9 /* Sql_center.swift */ = {isa = PBXFileReference; fileEncoding = 4; lastKnownFileType = sourcecode.swift; path = Sql_center.swift; sourceTree = "<group>"; };
		CF9E372F1E2229AE0077C7C9 /* libsqlite3.tbd */ = {isa = PBXFileReference; lastKnownFileType = "sourcecode.text-based-dylib-definition"; name = libsqlite3.tbd; path = usr/lib/libsqlite3.tbd; sourceTree = SDKROOT; };
		CF9E37311E222A020077C7C9 /* sql_Header.h */ = {isa = PBXFileReference; fileEncoding = 4; lastKnownFileType = sourcecode.c.h; path = sql_Header.h; sourceTree = "<group>"; };
		CFAC257E1D310EE300149CC6 /* TopicSecTableViewCell.swift */ = {isa = PBXFileReference; fileEncoding = 4; lastKnownFileType = sourcecode.swift; path = TopicSecTableViewCell.swift; sourceTree = "<group>"; };
		CFB83DF51DFFA7370029C475 /* MyTopicTableViewModel.swift */ = {isa = PBXFileReference; fileEncoding = 4; lastKnownFileType = sourcecode.swift; path = MyTopicTableViewModel.swift; sourceTree = "<group>"; };
		CFBA00AE1DB4CE5C00400C98 /* SettingViewController.swift */ = {isa = PBXFileReference; fileEncoding = 4; lastKnownFileType = sourcecode.swift; path = SettingViewController.swift; sourceTree = "<group>"; };
		CFCC8A841D78327800D5EDF6 /* RecentTableViewCell.swift */ = {isa = PBXFileReference; fileEncoding = 4; lastKnownFileType = sourcecode.swift; path = RecentTableViewCell.swift; sourceTree = "<group>"; };
		CFCC8A881D78329C00D5EDF6 /* RecentTableViewModel.swift */ = {isa = PBXFileReference; fileEncoding = 4; lastKnownFileType = sourcecode.swift; path = RecentTableViewModel.swift; sourceTree = "<group>"; };
		CFCC8A8A1D78336500D5EDF6 /* RecentTableViewController.swift */ = {isa = PBXFileReference; fileEncoding = 4; lastKnownFileType = sourcecode.swift; path = RecentTableViewController.swift; sourceTree = "<group>"; };
		CFD48D661DCB13FD006C48A2 /* EditViewController.swift */ = {isa = PBXFileReference; fileEncoding = 4; lastKnownFileType = sourcecode.swift; path = EditViewController.swift; sourceTree = "<group>"; };
		CFDD861D1E4861540018EC7C /* StoreKit.framework */ = {isa = PBXFileReference; lastKnownFileType = wrapper.framework; name = StoreKit.framework; path = System/Library/Frameworks/StoreKit.framework; sourceTree = SDKROOT; };
		CFE9E4D31D376F7F007B5D76 /* TableViewLoadingCell.swift */ = {isa = PBXFileReference; fileEncoding = 4; lastKnownFileType = sourcecode.swift; path = TableViewLoadingCell.swift; sourceTree = "<group>"; };
		CFF6C4151E9F4D5200A191FD /* suport_func.swift */ = {isa = PBXFileReference; fileEncoding = 4; lastKnownFileType = sourcecode.swift; path = suport_func.swift; sourceTree = "<group>"; };
/* End PBXFileReference section */

/* Begin PBXFrameworksBuildPhase section */
		931FF18E1CFEA848000E7F8A /* Frameworks */ = {
			isa = PBXFrameworksBuildPhase;
			buildActionMask = 2147483647;
			files = (
				CFDD861E1E4861540018EC7C /* StoreKit.framework in Frameworks */,
				CF9E37301E2229AE0077C7C9 /* libsqlite3.tbd in Frameworks */,
				CF42B8AE1E7D6BAC001924F0 /* MapKit.framework in Frameworks */,
				73E59CAE7906529E9934E916 /* Pods_paeban_ios_beta.framework in Frameworks */,
			);
			runOnlyForDeploymentPostprocessing = 0;
		};
/* End PBXFrameworksBuildPhase section */

/* Begin PBXGroup section */
		1741F3FC9375CBC3750A7722 /* Frameworks */ = {
			isa = PBXGroup;
			children = (
				CF42B8AD1E7D6BAC001924F0 /* MapKit.framework */,
				CFDD861D1E4861540018EC7C /* StoreKit.framework */,
				CF9E372F1E2229AE0077C7C9 /* libsqlite3.tbd */,
				5DA9AB49DFA16020BF975A80 /* Pods_paeban_ios_beta.framework */,
			);
			name = Frameworks;
			sourceTree = "<group>";
		};
		1909C16D1EF2768D00EE5183 /* Localize */ = {
			isa = PBXGroup;
			children = (
				1909C1721EF278D300EE5183 /* Localizable.strings */,
			);
			name = Localize;
			sourceTree = "<group>";
		};
		93077EF31E223800004900FF /* CustomJSQ */ = {
			isa = PBXGroup;
			children = (
				93077EF11E210F28004900FF /* CustomMessagesCollectionViewCell.swift */,
				93077EE91E20DDB3004900FF /* CustomMessagesCollectionViewCellIncoming.swift */,
				93077EEB1E20DDCF004900FF /* CustomMessagesCollectionViewCellOutgoing.swift */,
				93077EEF1E20E035004900FF /* CustomMessagesCollectionViewCellOutgoing.xib */,
				93077EED1E20DEB1004900FF /* CustomMessagesCollectionViewCellIncoming.xib */,
			);
			name = CustomJSQ;
			sourceTree = "<group>";
		};
		930BBCCD1DED628600939C0D /* tPages */ = {
			isa = PBXGroup;
			children = (
				930BBCCE1DED634300939C0D /* TutorialPageViewController.swift */,
				190B21BD1EEFA9C2007067B7 /* TutoriaInsideViewController.swift */,
				930BBCC91DED626900939C0D /* TPage_1ViewController.swift */,
				930BBCCB1DED627D00939C0D /* TPage_2ViewController.swift */,
			);
			name = tPages;
			sourceTree = "<group>";
		};
		931FF1881CFEA848000E7F8A = {
			isa = PBXGroup;
			children = (
				931FF1931CFEA848000E7F8A /* paeban_ios_beta */,
				931FF1921CFEA848000E7F8A /* Products */,
				1741F3FC9375CBC3750A7722 /* Frameworks */,
				F5E53891315C99A863EB47FB /* Pods */,
			);
			sourceTree = "<group>";
		};
		931FF1921CFEA848000E7F8A /* Products */ = {
			isa = PBXGroup;
			children = (
				931FF1911CFEA848000E7F8A /* paeban_ios_beta.app */,
			);
			name = Products;
			sourceTree = "<group>";
		};
		931FF1931CFEA848000E7F8A /* paeban_ios_beta */ = {
			isa = PBXGroup;
			children = (
				1909C16D1EF2768D00EE5183 /* Localize */,
				CF9D62D51D903B61003ECB3F /* paeban_ios_beta.entitlements */,
				CF9E372C1E21E2F40077C7C9 /* all_filed_work */,
				CF79265C1DA0E6E500821860 /* sing_in */,
				93AEF2901D0141FB007FDE51 /* topic */,
				93AEF28D1D0140DC007FDE51 /* myTopics */,
				93AEF2911D01427D007FDE51 /* recent */,
				93AEF28E1D01410A007FDE51 /* friends */,
				93AEF28F1D01419D007FDE51 /* launchScreen */,
				CF13867A1D98C43D00E70990 /* setting */,
				93077EF31E223800004900FF /* CustomJSQ */,
				190B21C11EEFD41E007067B7 /* Main.storyboard */,
				930BBCCD1DED628600939C0D /* tPages */,
				930F90D71DEAC07200346A13 /* EULAViewController.swift */,
				932A00DB1CFEBA460036E1EA /* Labels.swift */,
				932A00F41D0025AC0036E1EA /* Assets.xcassets */,
				931FF1A01CFEA848000E7F8A /* Info.plist */,
				1909C1691EF26DCB00EE5183 /* InfoPlist.strings */,
				934EBAFF1DCB0A3600FB9748 /* Designable.swift */,
				190F3A1B1F07840000AF9851 /* UIViewX.swift */,
			);
			path = paeban_ios_beta;
			sourceTree = "<group>";
		};
		93AEF28D1D0140DC007FDE51 /* myTopics */ = {
			isa = PBXGroup;
			children = (
				932D0D701DA0F61100ACA795 /* MytopicNavViewController.swift */,
				932A00DD1CFEBA460036E1EA /* MyTopicTableViewController.swift */,
				CFB83DF51DFFA7370029C475 /* MyTopicTableViewModel.swift */,
				932A00DC1CFEBA460036E1EA /* MyTopicTableViewCell.swift */,
				CFAC257E1D310EE300149CC6 /* TopicSecTableViewCell.swift */,
				CFE9E4D31D376F7F007B5D76 /* TableViewLoadingCell.swift */,
				930983E11D0166F5005B8E3B /* MyTopics.swift */,
				936F9FEE1D72C50200A3F1C9 /* MyTopicViewController.swift */,
			);
			name = myTopics;
			sourceTree = "<group>";
		};
		93AEF28E1D01410A007FDE51 /* friends */ = {
			isa = PBXGroup;
			children = (
				932D0D721DA0F65700ACA795 /* FriendNavViewController.swift */,
				CF2E9D611D7BDF9E00F485BB /* FriendTableViewController.swift */,
				CF2A076B1D7D42CE005B0358 /* FriendChatUpViewController.swift */,
				CF2E9D651D7BDFE300F485BB /* FriendTableViewMedol.swift */,
				CF2E9D631D7BDFC000F485BB /* FriendTableViewCell.swift */,
				CF2E9D671D7BE33C00F485BB /* FriendStanderType.swift */,
				9390D06E1DE82F8C00FEC14A /* FriendInvitedCellTableViewCell.swift */,
				9390D06C1DE82EE400FEC14A /* FriendInvitedListTableViewCell.swift */,
				CF2E9D691D7C76D600F485BB /* FriendChatViewController.swift */,
			);
			name = friends;
			sourceTree = "<group>";
		};
		93AEF28F1D01419D007FDE51 /* launchScreen */ = {
			isa = PBXGroup;
			children = (
				93AEF28B1D002A2C007FDE51 /* Launch Screen.storyboard */,
				932A00DF1CFEBA460036E1EA /* LaunchScreenViewController.swift */,
			);
			name = launchScreen;
			sourceTree = "<group>";
		};
		93AEF2901D0141FB007FDE51 /* topic */ = {
			isa = PBXGroup;
			children = (
				932A00D91CFEBA460036E1EA /* TopicNavViewController.swift */,
				932A00D61CFEBA460036E1EA /* TopicCellTableViewCell.swift */,
				932A00D51CFEBA460036E1EA /* TopicTableViewController.swift */,
				CFD48D661DCB13FD006C48A2 /* EditViewController.swift */,
				9301F6031D1D16F900D1F8C0 /* TopicSearchBar.swift */,
				9301F6051D1D1A2800D1F8C0 /* TopicSearchController.swift */,
				932A00D41CFEBA460036E1EA /* Topic.swift */,
				930983E71D056971005B8E3B /* HashTagsContorller.swift */,
				932A00DA1CFEBA460036E1EA /* TopicViewController.swift */,
				932A00DE1CFEBA460036E1EA /* ChatViewController.swift */,
			);
			name = topic;
			sourceTree = "<group>";
		};
		93AEF2911D01427D007FDE51 /* recent */ = {
			isa = PBXGroup;
			children = (
				932D0D6E1DA0D8B800ACA795 /* RecentNavViewController.swift */,
				CFCC8A8A1D78336500D5EDF6 /* RecentTableViewController.swift */,
				CFCC8A881D78329C00D5EDF6 /* RecentTableViewModel.swift */,
				CFCC8A841D78327800D5EDF6 /* RecentTableViewCell.swift */,
			);
			name = recent;
			sourceTree = "<group>";
		};
		CF13867A1D98C43D00E70990 /* setting */ = {
			isa = PBXGroup;
			children = (
				CFBA00AE1DB4CE5C00400C98 /* SettingViewController.swift */,
				933B77911DCDCD5800110D8C /* SettingProfilePicViewController.swift */,
			);
			name = setting;
			sourceTree = "<group>";
		};
		CF79265C1DA0E6E500821860 /* sing_in */ = {
			isa = PBXGroup;
			children = (
				CF79265D1DA0E71D00821860 /* SingInViewController.swift */,
				CF337E041DACEFEC003A133C /* SinInFramViewController.swift */,
				CF79265F1DA0E74200821860 /* SingInModel.swift */,
				93B40BE81DB8B7DB00AC3D48 /* SignInNavViewController.swift */,
			);
			name = sing_in;
			sourceTree = "<group>";
		};
		CF9E372C1E21E2F40077C7C9 /* all_filed_work */ = {
			isa = PBXGroup;
			children = (
				932A00D01CFEBA460036E1EA /* AppDelegate.swift */,
				CF4AE9A21EDD7DDE00EB83DC /* Block_list_center.swift */,
				CF5E24B51ED1875A00ACC164 /* Client_detail_data.swift */,
				CF9E37311E222A020077C7C9 /* sql_Header.h */,
				CF89EF771DD34E1F00876298 /* NotificationDelegate.swift */,
				932A00D11CFEBA460036E1EA /* ToolsFunction.swift */,
				CF13867D1D98CE0600E70990 /* LoginScrollView.swift */,
				932A00D31CFEBA460036E1EA /* ＨttpRequestCenter.swift */,
				CF89EF791DD498C700876298 /* TabBarController.swift */,
				932A00E01CFEBA460036E1EA /* Login_paeban.swift */,
				932A00D21CFEBA460036E1EA /* ViewController.swift */,
				938828321DEDBD8D006E66AC /* RegistAndLoginViewController.swift */,
				932A00E11CFEBA460036E1EA /* web_socket.swift */,
				CF9E372D1E21E41D0077C7C9 /* Sql_center.swift */,
				CF8F64D61EA4F6820073D433 /* LoadingView.swift */,
				CF288A981E67FF290052DFE8 /* IAPurchaseViewController.swift */,
				CFF6C4151E9F4D5200A191FD /* suport_func.swift */,
			);
			name = all_filed_work;
			sourceTree = "<group>";
		};
		F5E53891315C99A863EB47FB /* Pods */ = {
			isa = PBXGroup;
			children = (
				CCB2ABAD6DC20E3AE8B85FBB /* Pods-paeban_ios_beta.debug.xcconfig */,
				BAC8DE25847EF16A13E40E0D /* Pods-paeban_ios_beta.release.xcconfig */,
			);
			name = Pods;
			sourceTree = "<group>";
		};
/* End PBXGroup section */

/* Begin PBXNativeTarget section */
		931FF1901CFEA848000E7F8A /* paeban_ios_beta */ = {
			isa = PBXNativeTarget;
			buildConfigurationList = 931FF1A31CFEA848000E7F8A /* Build configuration list for PBXNativeTarget "paeban_ios_beta" */;
			buildPhases = (
				FDD9D1E92C09F90E00D681B8 /* [CP] Check Pods Manifest.lock */,
				931FF18D1CFEA848000E7F8A /* Sources */,
				931FF18E1CFEA848000E7F8A /* Frameworks */,
				931FF18F1CFEA848000E7F8A /* Resources */,
				41E42CA4820904FB7245F8CB /* [CP] Embed Pods Frameworks */,
				264BF2B6C259312DF14327C2 /* [CP] Copy Pods Resources */,
			);
			buildRules = (
			);
			dependencies = (
			);
			name = paeban_ios_beta;
			productName = paeban_ios_beta;
			productReference = 931FF1911CFEA848000E7F8A /* paeban_ios_beta.app */;
			productType = "com.apple.product-type.application";
		};
/* End PBXNativeTarget section */

/* Begin PBXProject section */
		931FF1891CFEA848000E7F8A /* Project object */ = {
			isa = PBXProject;
			attributes = {
				LastSwiftUpdateCheck = 0730;
				LastUpgradeCheck = 0800;
				ORGANIZATIONNAME = "尚義 高";
				TargetAttributes = {
					931FF1901CFEA848000E7F8A = {
						CreatedOnToolsVersion = 7.3;
						DevelopmentTeam = 4HS2232BLN;
						LastSwiftMigration = 0800;
						SystemCapabilities = {
							com.apple.BackgroundModes = {
								enabled = 0;
							};
							com.apple.InAppPurchase = {
								enabled = 1;
							};
							com.apple.InterAppAudio = {
								enabled = 0;
							};
							com.apple.Keychain = {
								enabled = 1;
							};
							com.apple.Maps.iOS = {
								enabled = 0;
							};
							com.apple.Push = {
								enabled = 1;
							};
						};
					};
				};
			};
			buildConfigurationList = 931FF18C1CFEA848000E7F8A /* Build configuration list for PBXProject "paeban_ios_beta" */;
			compatibilityVersion = "Xcode 3.2";
			developmentRegion = English;
			hasScannedForEncodings = 0;
			knownRegions = (
				en,
				Base,
				ja,
				"zh-Hans",
			);
			mainGroup = 931FF1881CFEA848000E7F8A;
			productRefGroup = 931FF1921CFEA848000E7F8A /* Products */;
			projectDirPath = "";
			projectRoot = "";
			targets = (
				931FF1901CFEA848000E7F8A /* paeban_ios_beta */,
			);
		};
/* End PBXProject section */

/* Begin PBXResourcesBuildPhase section */
		931FF18F1CFEA848000E7F8A /* Resources */ = {
			isa = PBXResourcesBuildPhase;
			buildActionMask = 2147483647;
			files = (
				93AEF28C1D002A2C007FDE51 /* Launch Screen.storyboard in Resources */,
				1909C1671EF26DCB00EE5183 /* InfoPlist.strings in Resources */,
				932A00F51D0025AC0036E1EA /* Assets.xcassets in Resources */,
				1909C1701EF278D300EE5183 /* Localizable.strings in Resources */,
				190B21BF1EEFD41E007067B7 /* Main.storyboard in Resources */,
				93077EF01E20E035004900FF /* CustomMessagesCollectionViewCellOutgoing.xib in Resources */,
				93077EEE1E20DEB1004900FF /* CustomMessagesCollectionViewCellIncoming.xib in Resources */,
			);
			runOnlyForDeploymentPostprocessing = 0;
		};
/* End PBXResourcesBuildPhase section */

/* Begin PBXShellScriptBuildPhase section */
		264BF2B6C259312DF14327C2 /* [CP] Copy Pods Resources */ = {
			isa = PBXShellScriptBuildPhase;
			buildActionMask = 2147483647;
			files = (
			);
			inputPaths = (
			);
			name = "[CP] Copy Pods Resources";
			outputPaths = (
			);
			runOnlyForDeploymentPostprocessing = 0;
			shellPath = /bin/sh;
			shellScript = "\"${SRCROOT}/Pods/Target Support Files/Pods-paeban_ios_beta/Pods-paeban_ios_beta-resources.sh\"\n";
			showEnvVarsInLog = 0;
		};
		41E42CA4820904FB7245F8CB /* [CP] Embed Pods Frameworks */ = {
			isa = PBXShellScriptBuildPhase;
			buildActionMask = 2147483647;
			files = (
			);
			inputPaths = (
			);
			name = "[CP] Embed Pods Frameworks";
			outputPaths = (
			);
			runOnlyForDeploymentPostprocessing = 0;
			shellPath = /bin/sh;
			shellScript = "\"${SRCROOT}/Pods/Target Support Files/Pods-paeban_ios_beta/Pods-paeban_ios_beta-frameworks.sh\"\n";
			showEnvVarsInLog = 0;
		};
		FDD9D1E92C09F90E00D681B8 /* [CP] Check Pods Manifest.lock */ = {
			isa = PBXShellScriptBuildPhase;
			buildActionMask = 2147483647;
			files = (
			);
			inputPaths = (
			);
			name = "[CP] Check Pods Manifest.lock";
			outputPaths = (
			);
			runOnlyForDeploymentPostprocessing = 0;
			shellPath = /bin/sh;
			shellScript = "diff \"${PODS_ROOT}/../Podfile.lock\" \"${PODS_ROOT}/Manifest.lock\" > /dev/null\nif [ $? != 0 ] ; then\n    # print error to STDERR\n    echo \"error: The sandbox is not in sync with the Podfile.lock. Run 'pod install' or update your CocoaPods installation.\" >&2\n    exit 1\nfi\n";
			showEnvVarsInLog = 0;
		};
/* End PBXShellScriptBuildPhase section */

/* Begin PBXSourcesBuildPhase section */
		931FF18D1CFEA848000E7F8A /* Sources */ = {
			isa = PBXSourcesBuildPhase;
			buildActionMask = 2147483647;
			files = (
				930983E21D0166F5005B8E3B /* MyTopics.swift in Sources */,
				932A00E51CFEBA460036E1EA /* ＨttpRequestCenter.swift in Sources */,
				932A00F31CFEBA460036E1EA /* web_socket.swift in Sources */,
				930BBCCC1DED627D00939C0D /* TPage_2ViewController.swift in Sources */,
				9390D06D1DE82EE400FEC14A /* FriendInvitedListTableViewCell.swift in Sources */,
				CFAC257F1D310EE300149CC6 /* TopicSecTableViewCell.swift in Sources */,
				932D0D731DA0F65700ACA795 /* FriendNavViewController.swift in Sources */,
				CF89EF7A1DD498C700876298 /* TabBarController.swift in Sources */,
				932A00F21CFEBA460036E1EA /* Login_paeban.swift in Sources */,
				CFB83DF61DFFA7370029C475 /* MyTopicTableViewModel.swift in Sources */,
				930983E81D056971005B8E3B /* HashTagsContorller.swift in Sources */,
				CFCC8A8B1D78336500D5EDF6 /* RecentTableViewController.swift in Sources */,
				9301F6041D1D16F900D1F8C0 /* TopicSearchBar.swift in Sources */,
				932A00E81CFEBA460036E1EA /* TopicCellTableViewCell.swift in Sources */,
				933B77921DCDCD5800110D8C /* SettingProfilePicViewController.swift in Sources */,
				93077EEC1E20DDCF004900FF /* CustomMessagesCollectionViewCellOutgoing.swift in Sources */,
				9390D06F1DE82F8C00FEC14A /* FriendInvitedCellTableViewCell.swift in Sources */,
				9301F6061D1D1A2800D1F8C0 /* TopicSearchController.swift in Sources */,
				932A00EB1CFEBA460036E1EA /* TopicNavViewController.swift in Sources */,
				932D0D711DA0F61100ACA795 /* MytopicNavViewController.swift in Sources */,
				CF2E9D681D7BE33C00F485BB /* FriendStanderType.swift in Sources */,
				CF7926601DA0E74200821860 /* SingInModel.swift in Sources */,
				930F90D81DEAC07200346A13 /* EULAViewController.swift in Sources */,
				190F3A1C1F07840000AF9851 /* UIViewX.swift in Sources */,
				932A00E71CFEBA460036E1EA /* TopicTableViewController.swift in Sources */,
				CFF6C4161E9F4D5200A191FD /* suport_func.swift in Sources */,
				932A00E61CFEBA460036E1EA /* Topic.swift in Sources */,
				CF2A076C1D7D42CE005B0358 /* FriendChatUpViewController.swift in Sources */,
				930BBCCA1DED626900939C0D /* TPage_1ViewController.swift in Sources */,
				CF9E372E1E21E41D0077C7C9 /* Sql_center.swift in Sources */,
				93077EEA1E20DDB3004900FF /* CustomMessagesCollectionViewCellIncoming.swift in Sources */,
				936F9FEF1D72C50200A3F1C9 /* MyTopicViewController.swift in Sources */,
				CF13867E1D98CE0600E70990 /* LoginScrollView.swift in Sources */,
				CFD48D671DCB13FD006C48A2 /* EditViewController.swift in Sources */,
				938828331DEDBD8D006E66AC /* RegistAndLoginViewController.swift in Sources */,
				932A00E41CFEBA460036E1EA /* ViewController.swift in Sources */,
				932A00F11CFEBA460036E1EA /* LaunchScreenViewController.swift in Sources */,
				932A00ED1CFEBA460036E1EA /* Labels.swift in Sources */,
				CF89EF781DD34E1F00876298 /* NotificationDelegate.swift in Sources */,
				93077EF21E210F28004900FF /* CustomMessagesCollectionViewCell.swift in Sources */,
				CF2E9D621D7BDF9E00F485BB /* FriendTableViewController.swift in Sources */,
				CF4AE9A31EDD7DDE00EB83DC /* Block_list_center.swift in Sources */,
				CF2E9D661D7BDFE300F485BB /* FriendTableViewMedol.swift in Sources */,
				930BBCCF1DED634300939C0D /* TutorialPageViewController.swift in Sources */,
				CFCC8A851D78327800D5EDF6 /* RecentTableViewCell.swift in Sources */,
				CFCC8A891D78329C00D5EDF6 /* RecentTableViewModel.swift in Sources */,
				CF79265E1DA0E71D00821860 /* SingInViewController.swift in Sources */,
				93B40BE91DB8B7DB00AC3D48 /* SignInNavViewController.swift in Sources */,
				934EBB001DCB0A3600FB9748 /* Designable.swift in Sources */,
				CF2E9D6A1D7C76D600F485BB /* FriendChatViewController.swift in Sources */,
				932A00E21CFEBA460036E1EA /* AppDelegate.swift in Sources */,
				CFE9E4D41D376F7F007B5D76 /* TableViewLoadingCell.swift in Sources */,
				932A00E31CFEBA460036E1EA /* ToolsFunction.swift in Sources */,
				932A00F01CFEBA460036E1EA /* ChatViewController.swift in Sources */,
				932A00EE1CFEBA460036E1EA /* MyTopicTableViewCell.swift in Sources */,
				932A00EF1CFEBA460036E1EA /* MyTopicTableViewController.swift in Sources */,
				CF8F64D71EA4F6820073D433 /* LoadingView.swift in Sources */,
				CFBA00AF1DB4CE5C00400C98 /* SettingViewController.swift in Sources */,
				CF337E051DACEFEC003A133C /* SinInFramViewController.swift in Sources */,
				932A00EC1CFEBA460036E1EA /* TopicViewController.swift in Sources */,
				CF2E9D641D7BDFC000F485BB /* FriendTableViewCell.swift in Sources */,
				CF5E24B61ED1875A00ACC164 /* Client_detail_data.swift in Sources */,
				190B21BE1EEFA9C2007067B7 /* TutoriaInsideViewController.swift in Sources */,
				CF288A991E67FF290052DFE8 /* IAPurchaseViewController.swift in Sources */,
				932D0D6F1DA0D8B800ACA795 /* RecentNavViewController.swift in Sources */,
			);
			runOnlyForDeploymentPostprocessing = 0;
		};
/* End PBXSourcesBuildPhase section */

/* Begin PBXVariantGroup section */
		1909C1691EF26DCB00EE5183 /* InfoPlist.strings */ = {
			isa = PBXVariantGroup;
			children = (
				1909C1681EF26DCB00EE5183 /* en */,
				1909C16A1EF26DE700EE5183 /* ja */,
				1909C16C1EF270E000EE5183 /* zh-Hans */,
			);
			name = InfoPlist.strings;
			sourceTree = "<group>";
		};
		1909C1721EF278D300EE5183 /* Localizable.strings */ = {
			isa = PBXVariantGroup;
			children = (
				1909C1711EF278D300EE5183 /* en */,
				1909C1731EF2797E00EE5183 /* zh-Hans */,
			);
			name = Localizable.strings;
			sourceTree = "<group>";
		};
		190B21C11EEFD41E007067B7 /* Main.storyboard */ = {
			isa = PBXVariantGroup;
			children = (
				190B21C01EEFD41E007067B7 /* Base */,
				190B21C31EEFD42E007067B7 /* en */,
				1909C1641EF26CC000EE5183 /* ja */,
				1909C16B1EF270E000EE5183 /* zh-Hans */,
			);
			name = Main.storyboard;
			sourceTree = "<group>";
		};
/* End PBXVariantGroup section */

/* Begin XCBuildConfiguration section */
		931FF1A11CFEA848000E7F8A /* Debug */ = {
			isa = XCBuildConfiguration;
			buildSettings = {
				ALWAYS_EMBED_SWIFT_STANDARD_LIBRARIES = NO;
				ALWAYS_SEARCH_USER_PATHS = NO;
				CLANG_ANALYZER_LOCALIZABILITY_NONLOCALIZED = YES;
				CLANG_ANALYZER_NONNULL = YES;
				CLANG_CXX_LANGUAGE_STANDARD = "gnu++0x";
				CLANG_CXX_LIBRARY = "libc++";
				CLANG_ENABLE_MODULES = YES;
				CLANG_ENABLE_OBJC_ARC = YES;
				CLANG_WARN_BOOL_CONVERSION = YES;
				CLANG_WARN_CONSTANT_CONVERSION = YES;
				CLANG_WARN_DIRECT_OBJC_ISA_USAGE = YES_ERROR;
				CLANG_WARN_EMPTY_BODY = YES;
				CLANG_WARN_ENUM_CONVERSION = YES;
				CLANG_WARN_INFINITE_RECURSION = YES;
				CLANG_WARN_INT_CONVERSION = YES;
				CLANG_WARN_OBJC_ROOT_CLASS = YES_ERROR;
				CLANG_WARN_SUSPICIOUS_MOVE = YES;
				CLANG_WARN_UNREACHABLE_CODE = YES;
				CLANG_WARN__DUPLICATE_METHOD_MATCH = YES;
				"CODE_SIGN_IDENTITY[sdk=iphoneos*]" = "iPhone Developer";
				COPY_PHASE_STRIP = NO;
				DEBUG_INFORMATION_FORMAT = dwarf;
				ENABLE_STRICT_OBJC_MSGSEND = YES;
				ENABLE_TESTABILITY = YES;
				GCC_C_LANGUAGE_STANDARD = gnu99;
				GCC_DYNAMIC_NO_PIC = NO;
				GCC_NO_COMMON_BLOCKS = YES;
				GCC_OPTIMIZATION_LEVEL = 0;
				GCC_PREPROCESSOR_DEFINITIONS = (
					"DEBUG=1",
					"$(inherited)",
				);
				GCC_WARN_64_TO_32_BIT_CONVERSION = YES;
				GCC_WARN_ABOUT_RETURN_TYPE = YES_ERROR;
				GCC_WARN_UNDECLARED_SELECTOR = YES;
				GCC_WARN_UNINITIALIZED_AUTOS = YES_AGGRESSIVE;
				GCC_WARN_UNUSED_FUNCTION = YES;
				GCC_WARN_UNUSED_VARIABLE = YES;
				IPHONEOS_DEPLOYMENT_TARGET = 9.0;
				MTL_ENABLE_DEBUG_INFO = YES;
				ONLY_ACTIVE_ARCH = YES;
				SDKROOT = iphoneos;
				SWIFT_OPTIMIZATION_LEVEL = "-Onone";
				SWIFT_VERSION = 3.0;
			};
			name = Debug;
		};
		931FF1A21CFEA848000E7F8A /* Release */ = {
			isa = XCBuildConfiguration;
			buildSettings = {
				ALWAYS_EMBED_SWIFT_STANDARD_LIBRARIES = NO;
				ALWAYS_SEARCH_USER_PATHS = NO;
				CLANG_ANALYZER_LOCALIZABILITY_NONLOCALIZED = YES;
				CLANG_ANALYZER_NONNULL = YES;
				CLANG_CXX_LANGUAGE_STANDARD = "gnu++0x";
				CLANG_CXX_LIBRARY = "libc++";
				CLANG_ENABLE_MODULES = YES;
				CLANG_ENABLE_OBJC_ARC = YES;
				CLANG_WARN_BOOL_CONVERSION = YES;
				CLANG_WARN_CONSTANT_CONVERSION = YES;
				CLANG_WARN_DIRECT_OBJC_ISA_USAGE = YES_ERROR;
				CLANG_WARN_EMPTY_BODY = YES;
				CLANG_WARN_ENUM_CONVERSION = YES;
				CLANG_WARN_INFINITE_RECURSION = YES;
				CLANG_WARN_INT_CONVERSION = YES;
				CLANG_WARN_OBJC_ROOT_CLASS = YES_ERROR;
				CLANG_WARN_SUSPICIOUS_MOVE = YES;
				CLANG_WARN_UNREACHABLE_CODE = YES;
				CLANG_WARN__DUPLICATE_METHOD_MATCH = YES;
				"CODE_SIGN_IDENTITY[sdk=iphoneos*]" = "iPhone Developer";
				COPY_PHASE_STRIP = NO;
				DEBUG_INFORMATION_FORMAT = "dwarf-with-dsym";
				ENABLE_NS_ASSERTIONS = NO;
				ENABLE_STRICT_OBJC_MSGSEND = YES;
				GCC_C_LANGUAGE_STANDARD = gnu99;
				GCC_NO_COMMON_BLOCKS = YES;
				GCC_WARN_64_TO_32_BIT_CONVERSION = YES;
				GCC_WARN_ABOUT_RETURN_TYPE = YES_ERROR;
				GCC_WARN_UNDECLARED_SELECTOR = YES;
				GCC_WARN_UNINITIALIZED_AUTOS = YES_AGGRESSIVE;
				GCC_WARN_UNUSED_FUNCTION = YES;
				GCC_WARN_UNUSED_VARIABLE = YES;
				IPHONEOS_DEPLOYMENT_TARGET = 9.0;
				MTL_ENABLE_DEBUG_INFO = NO;
				SDKROOT = iphoneos;
				SWIFT_OPTIMIZATION_LEVEL = "-Owholemodule";
				SWIFT_VERSION = 3.0;
				VALIDATE_PRODUCT = YES;
			};
			name = Release;
		};
		931FF1A41CFEA848000E7F8A /* Debug */ = {
			isa = XCBuildConfiguration;
			baseConfigurationReference = CCB2ABAD6DC20E3AE8B85FBB /* Pods-paeban_ios_beta.debug.xcconfig */;
			buildSettings = {
				ALWAYS_EMBED_SWIFT_STANDARD_LIBRARIES = NO;
				ASSETCATALOG_COMPILER_APPICON_NAME = AppIcon;
				CLANG_ENABLE_MODULES = YES;
				CODE_SIGN_ENTITLEMENTS = paeban_ios_beta/paeban_ios_beta.entitlements;
				CODE_SIGN_IDENTITY = "iPhone Developer";
				"CODE_SIGN_IDENTITY[sdk=iphoneos*]" = "iPhone Developer";
				DEVELOPMENT_TEAM = 4HS2232BLN;
				FRAMEWORK_SEARCH_PATHS = (
					"$(inherited)",
					"$(PROJECT_DIR)/paeban_ios_beta",
				);
				INFOPLIST_FILE = paeban_ios_beta/Info.plist;
				IPHONEOS_DEPLOYMENT_TARGET = 9.3;
				LD_RUNPATH_SEARCH_PATHS = "$(inherited) @executable_path/Frameworks";
				PRODUCT_BUNDLE_IDENTIFIER = prototype.sean;
				PRODUCT_NAME = "$(TARGET_NAME)";
				PROVISIONING_PROFILE = "";
				SWIFT_OBJC_BRIDGING_HEADER = paeban_ios_beta/sql_Header.h;
				SWIFT_OPTIMIZATION_LEVEL = "-Onone";
				SWIFT_VERSION = 3.0;
				TARGETED_DEVICE_FAMILY = "1,2";
			};
			name = Debug;
		};
		931FF1A51CFEA848000E7F8A /* Release */ = {
			isa = XCBuildConfiguration;
			baseConfigurationReference = BAC8DE25847EF16A13E40E0D /* Pods-paeban_ios_beta.release.xcconfig */;
			buildSettings = {
				ALWAYS_EMBED_SWIFT_STANDARD_LIBRARIES = NO;
				ASSETCATALOG_COMPILER_APPICON_NAME = AppIcon;
				CLANG_ENABLE_MODULES = YES;
				CODE_SIGN_ENTITLEMENTS = paeban_ios_beta/paeban_ios_beta.entitlements;
				CODE_SIGN_IDENTITY = "iPhone Developer";
				"CODE_SIGN_IDENTITY[sdk=iphoneos*]" = "iPhone Developer";
				DEVELOPMENT_TEAM = 4HS2232BLN;
				FRAMEWORK_SEARCH_PATHS = (
					"$(inherited)",
					"$(PROJECT_DIR)/paeban_ios_beta",
				);
				INFOPLIST_FILE = paeban_ios_beta/Info.plist;
				IPHONEOS_DEPLOYMENT_TARGET = 9.3;
				LD_RUNPATH_SEARCH_PATHS = "$(inherited) @executable_path/Frameworks";
				PRODUCT_BUNDLE_IDENTIFIER = prototype.sean;
				PRODUCT_NAME = "$(TARGET_NAME)";
				PROVISIONING_PROFILE = "";
				SWIFT_OBJC_BRIDGING_HEADER = paeban_ios_beta/sql_Header.h;
				SWIFT_VERSION = 3.0;
				TARGETED_DEVICE_FAMILY = "1,2";
			};
			name = Release;
		};
/* End XCBuildConfiguration section */

/* Begin XCConfigurationList section */
		931FF18C1CFEA848000E7F8A /* Build configuration list for PBXProject "paeban_ios_beta" */ = {
			isa = XCConfigurationList;
			buildConfigurations = (
				931FF1A11CFEA848000E7F8A /* Debug */,
				931FF1A21CFEA848000E7F8A /* Release */,
			);
			defaultConfigurationIsVisible = 0;
			defaultConfigurationName = Release;
		};
		931FF1A31CFEA848000E7F8A /* Build configuration list for PBXNativeTarget "paeban_ios_beta" */ = {
			isa = XCConfigurationList;
			buildConfigurations = (
				931FF1A41CFEA848000E7F8A /* Debug */,
				931FF1A51CFEA848000E7F8A /* Release */,
			);
			defaultConfigurationIsVisible = 0;
			defaultConfigurationName = Release;
		};
/* End XCConfigurationList section */
	};
	rootObject = 931FF1891CFEA848000E7F8A /* Project object */;
}
