<?xml version="1.0" encoding="UTF-8"?>
<!DOCTYPE plist PUBLIC "-//Apple//DTD PLIST 1.0//EN" "http://www.apple.com/DTDs/PropertyList-1.0.dtd">
<plist version="1.0">
<dict>
	<key>archiveVersion</key>
	<string>1</string>
	<key>classes</key>
	<dict/>
	<key>objectVersion</key>
	<string>46</string>
	<key>objects</key>
	<dict>
		<key>0AD9DDAF145078799E7A5AB5</key>
		<dict>
			<key>includeInIndex</key>
			<string>1</string>
			<key>isa</key>
			<string>PBXFileReference</string>
			<key>lastKnownFileType</key>
			<string>text.xcconfig</string>
			<key>name</key>
			<string>Pods-paeban_ios_beta.debug.xcconfig</string>
			<key>path</key>
			<string>Pods/Target Support Files/Pods-paeban_ios_beta/Pods-paeban_ios_beta.debug.xcconfig</string>
			<key>sourceTree</key>
			<string>&lt;group&gt;</string>
		</dict>
		<key>0B5289B87074BD2A83187920</key>
		<dict>
			<key>buildActionMask</key>
			<string>2147483647</string>
			<key>files</key>
			<array/>
			<key>inputPaths</key>
			<array/>
			<key>isa</key>
			<string>PBXShellScriptBuildPhase</string>
			<key>name</key>
			<string>[CP] Embed Pods Frameworks</string>
			<key>outputPaths</key>
			<array/>
			<key>runOnlyForDeploymentPostprocessing</key>
			<string>0</string>
			<key>shellPath</key>
			<string>/bin/sh</string>
			<key>shellScript</key>
			<string>"${SRCROOT}/Pods/Target Support Files/Pods-paeban_ios_beta/Pods-paeban_ios_beta-frameworks.sh"
</string>
			<key>showEnvVarsInLog</key>
			<string>0</string>
		</dict>
		<key>1741F3FC9375CBC3750A7722</key>
		<dict>
			<key>children</key>
			<array>
				<string>CF13867B1D98C53C00E70990</string>
				<string>81EACB9BB003ED2F71D8DC6A</string>
			</array>
			<key>isa</key>
			<string>PBXGroup</string>
			<key>name</key>
			<string>Frameworks</string>
			<key>sourceTree</key>
			<string>&lt;group&gt;</string>
		</dict>
		<key>21A30CA7B3EDC133B48418FC</key>
		<dict>
			<key>buildActionMask</key>
			<string>2147483647</string>
			<key>files</key>
			<array/>
			<key>inputPaths</key>
			<array/>
			<key>isa</key>
			<string>PBXShellScriptBuildPhase</string>
			<key>name</key>
			<string>Embed Pods Frameworks</string>
			<key>outputPaths</key>
			<array/>
			<key>runOnlyForDeploymentPostprocessing</key>
			<string>0</string>
			<key>shellPath</key>
			<string>/bin/sh</string>
			<key>shellScript</key>
			<string>"${SRCROOT}/Pods/Target Support Files/Pods-paeban_ios_beta/Pods-paeban_ios_beta-frameworks.sh"
</string>
			<key>showEnvVarsInLog</key>
			<string>0</string>
		</dict>
		<key>31B957F7F077F2F764A7EFC0</key>
		<dict>
			<key>includeInIndex</key>
			<string>1</string>
			<key>isa</key>
			<string>PBXFileReference</string>
			<key>lastKnownFileType</key>
			<string>text.xcconfig</string>
			<key>name</key>
			<string>Pods-paeban_ios_beta.release.xcconfig</string>
			<key>path</key>
			<string>Pods/Target Support Files/Pods-paeban_ios_beta/Pods-paeban_ios_beta.release.xcconfig</string>
			<key>sourceTree</key>
			<string>&lt;group&gt;</string>
		</dict>
		<key>81EACB9BB003ED2F71D8DC6A</key>
		<dict>
			<key>explicitFileType</key>
			<string>wrapper.framework</string>
			<key>includeInIndex</key>
			<string>0</string>
			<key>isa</key>
			<string>PBXFileReference</string>
			<key>path</key>
			<string>Pods_paeban_ios_beta.framework</string>
			<key>sourceTree</key>
			<string>BUILT_PRODUCTS_DIR</string>
		</dict>
		<key>9301F6031D1D16F900D1F8C0</key>
		<dict>
			<key>fileEncoding</key>
			<string>4</string>
			<key>isa</key>
			<string>PBXFileReference</string>
			<key>lastKnownFileType</key>
			<string>sourcecode.swift</string>
			<key>path</key>
			<string>TopicSearchBar.swift</string>
			<key>sourceTree</key>
			<string>&lt;group&gt;</string>
		</dict>
		<key>9301F6041D1D16F900D1F8C0</key>
		<dict>
			<key>fileRef</key>
			<string>9301F6031D1D16F900D1F8C0</string>
			<key>isa</key>
			<string>PBXBuildFile</string>
		</dict>
		<key>9301F6051D1D1A2800D1F8C0</key>
		<dict>
			<key>fileEncoding</key>
			<string>4</string>
			<key>isa</key>
			<string>PBXFileReference</string>
			<key>lastKnownFileType</key>
			<string>sourcecode.swift</string>
			<key>path</key>
			<string>TopicSearchController.swift</string>
			<key>sourceTree</key>
			<string>&lt;group&gt;</string>
		</dict>
		<key>9301F6061D1D1A2800D1F8C0</key>
		<dict>
			<key>fileRef</key>
			<string>9301F6051D1D1A2800D1F8C0</string>
			<key>isa</key>
			<string>PBXBuildFile</string>
		</dict>
		<key>930983E11D0166F5005B8E3B</key>
		<dict>
			<key>fileEncoding</key>
			<string>4</string>
			<key>isa</key>
			<string>PBXFileReference</string>
			<key>lastKnownFileType</key>
			<string>sourcecode.swift</string>
			<key>path</key>
			<string>MyTopics.swift</string>
			<key>sourceTree</key>
			<string>&lt;group&gt;</string>
		</dict>
		<key>930983E21D0166F5005B8E3B</key>
		<dict>
			<key>fileRef</key>
			<string>930983E11D0166F5005B8E3B</string>
			<key>isa</key>
			<string>PBXBuildFile</string>
		</dict>
		<key>930983E71D056971005B8E3B</key>
		<dict>
			<key>fileEncoding</key>
			<string>4</string>
			<key>isa</key>
			<string>PBXFileReference</string>
			<key>lastKnownFileType</key>
			<string>sourcecode.swift</string>
			<key>path</key>
			<string>HashTagsContorller.swift</string>
			<key>sourceTree</key>
			<string>&lt;group&gt;</string>
		</dict>
		<key>930983E81D056971005B8E3B</key>
		<dict>
			<key>fileRef</key>
			<string>930983E71D056971005B8E3B</string>
			<key>isa</key>
			<string>PBXBuildFile</string>
		</dict>
		<key>931FF1881CFEA848000E7F8A</key>
		<dict>
			<key>children</key>
			<array>
				<string>931FF1931CFEA848000E7F8A</string>
				<string>931FF1921CFEA848000E7F8A</string>
				<string>CA99BC61EA123450AAA5E56F</string>
				<string>1741F3FC9375CBC3750A7722</string>
			</array>
			<key>isa</key>
			<string>PBXGroup</string>
			<key>sourceTree</key>
			<string>&lt;group&gt;</string>
		</dict>
		<key>931FF1891CFEA848000E7F8A</key>
		<dict>
			<key>attributes</key>
			<dict>
				<key>LastSwiftUpdateCheck</key>
				<string>0730</string>
				<key>LastUpgradeCheck</key>
				<string>0800</string>
				<key>ORGANIZATIONNAME</key>
				<string>&#23578;&#32681; &#39640;</string>
				<key>TargetAttributes</key>
				<dict>
					<key>931FF1901CFEA848000E7F8A</key>
					<dict>
						<key>CreatedOnToolsVersion</key>
						<string>7.3</string>
						<key>DevelopmentTeam</key>
						<string>4HS2232BLN</string>
						<key>LastSwiftMigration</key>
						<string>0800</string>
						<key>SystemCapabilities</key>
						<dict>
							<key>com.apple.BackgroundModes</key>
							<dict>
								<key>enabled</key>
								<string>0</string>
							</dict>
							<key>com.apple.InAppPurchase</key>
							<dict>
								<key>enabled</key>
								<string>1</string>
							</dict>
							<key>com.apple.InterAppAudio</key>
							<dict>
								<key>enabled</key>
								<string>0</string>
							</dict>
							<key>com.apple.Keychain</key>
							<dict>
								<key>enabled</key>
								<string>1</string>
							</dict>
							<key>com.apple.Maps.iOS</key>
							<dict>
								<key>enabled</key>
								<string>0</string>
							</dict>
						</dict>
					</dict>
				</dict>
			</dict>
			<key>buildConfigurationList</key>
			<string>931FF18C1CFEA848000E7F8A</string>
			<key>compatibilityVersion</key>
			<string>Xcode 3.2</string>
			<key>developmentRegion</key>
			<string>English</string>
			<key>hasScannedForEncodings</key>
			<string>0</string>
			<key>isa</key>
			<string>PBXProject</string>
			<key>knownRegions</key>
			<array>
				<string>en</string>
				<string>Base</string>
			</array>
			<key>mainGroup</key>
			<string>931FF1881CFEA848000E7F8A</string>
			<key>productRefGroup</key>
			<string>931FF1921CFEA848000E7F8A</string>
			<key>projectDirPath</key>
			<string></string>
			<key>projectReferences</key>
			<array/>
			<key>projectRoot</key>
			<string></string>
			<key>targets</key>
			<array>
				<string>931FF1901CFEA848000E7F8A</string>
			</array>
		</dict>
		<key>931FF18C1CFEA848000E7F8A</key>
		<dict>
			<key>buildConfigurations</key>
			<array>
				<string>931FF1A11CFEA848000E7F8A</string>
				<string>931FF1A21CFEA848000E7F8A</string>
			</array>
			<key>defaultConfigurationIsVisible</key>
			<string>0</string>
			<key>defaultConfigurationName</key>
			<string>Release</string>
			<key>isa</key>
			<string>XCConfigurationList</string>
		</dict>
		<key>931FF18D1CFEA848000E7F8A</key>
		<dict>
			<key>buildActionMask</key>
			<string>2147483647</string>
			<key>files</key>
			<array>
				<string>930983E21D0166F5005B8E3B</string>
				<string>932A00E51CFEBA460036E1EA</string>
				<string>932A00F31CFEBA460036E1EA</string>
				<string>CFAC257F1D310EE300149CC6</string>
				<string>932A00F21CFEBA460036E1EA</string>
				<string>930983E81D056971005B8E3B</string>
				<string>CFCC8A8B1D78336500D5EDF6</string>
				<string>9301F6041D1D16F900D1F8C0</string>
				<string>932A00E81CFEBA460036E1EA</string>
				<string>9301F6061D1D1A2800D1F8C0</string>
				<string>932A00EB1CFEBA460036E1EA</string>
				<string>CF2E9D681D7BE33C00F485BB</string>
				<string>932A00E71CFEBA460036E1EA</string>
				<string>932A00E61CFEBA460036E1EA</string>
				<string>CF2A076C1D7D42CE005B0358</string>
				<string>936F9FEF1D72C50200A3F1C9</string>
				<string>CF13867E1D98CE0600E70990</string>
				<string>932A00E41CFEBA460036E1EA</string>
				<string>932A00F11CFEBA460036E1EA</string>
				<string>932A00ED1CFEBA460036E1EA</string>
				<string>CF2E9D621D7BDF9E00F485BB</string>
				<string>CF2E9D661D7BDFE300F485BB</string>
				<string>CFCC8A851D78327800D5EDF6</string>
				<string>CFCC8A891D78329C00D5EDF6</string>
				<string>CF2E9D6A1D7C76D600F485BB</string>
				<string>932A00E21CFEBA460036E1EA</string>
				<string>CFE9E4D41D376F7F007B5D76</string>
				<string>932A00E31CFEBA460036E1EA</string>
				<string>932A00F01CFEBA460036E1EA</string>
				<string>932A00EE1CFEBA460036E1EA</string>
				<string>932A00EF1CFEBA460036E1EA</string>
				<string>932A00EC1CFEBA460036E1EA</string>
				<string>CF2E9D641D7BDFC000F485BB</string>
			</array>
			<key>isa</key>
			<string>PBXSourcesBuildPhase</string>
			<key>runOnlyForDeploymentPostprocessing</key>
			<string>0</string>
		</dict>
		<key>931FF18E1CFEA848000E7F8A</key>
		<dict>
			<key>buildActionMask</key>
			<string>2147483647</string>
			<key>files</key>
			<array>
				<string>B476C3708840453BEC5DD446</string>
				<string>CF13867C1D98C53C00E70990</string>
			</array>
			<key>isa</key>
			<string>PBXFrameworksBuildPhase</string>
			<key>runOnlyForDeploymentPostprocessing</key>
			<string>0</string>
		</dict>
		<key>931FF18F1CFEA848000E7F8A</key>
		<dict>
			<key>buildActionMask</key>
			<string>2147483647</string>
			<key>files</key>
			<array>
				<string>93AEF28C1D002A2C007FDE51</string>
				<string>932A00F51D0025AC0036E1EA</string>
				<string>932A00E91CFEBA460036E1EA</string>
			</array>
			<key>isa</key>
			<string>PBXResourcesBuildPhase</string>
			<key>runOnlyForDeploymentPostprocessing</key>
			<string>0</string>
		</dict>
		<key>931FF1901CFEA848000E7F8A</key>
		<dict>
			<key>buildConfigurationList</key>
			<string>931FF1A31CFEA848000E7F8A</string>
			<key>buildPhases</key>
			<array>
				<string>CDC0217E16800E4CAA3D07AB</string>
				<string>931FF18D1CFEA848000E7F8A</string>
				<string>931FF18E1CFEA848000E7F8A</string>
				<string>931FF18F1CFEA848000E7F8A</string>
				<string>0B5289B87074BD2A83187920</string>
				<string>B538110DA63B5F7B3096A61A</string>
				<string>21A30CA7B3EDC133B48418FC</string>
			</array>
			<key>buildRules</key>
			<array/>
			<key>dependencies</key>
			<array/>
			<key>isa</key>
			<string>PBXNativeTarget</string>
			<key>name</key>
			<string>paeban_ios_beta</string>
			<key>productName</key>
			<string>paeban_ios_beta</string>
			<key>productReference</key>
			<string>931FF1911CFEA848000E7F8A</string>
			<key>productType</key>
			<string>com.apple.product-type.application</string>
		</dict>
		<key>931FF1911CFEA848000E7F8A</key>
		<dict>
			<key>explicitFileType</key>
			<string>wrapper.application</string>
			<key>includeInIndex</key>
			<string>0</string>
			<key>isa</key>
			<string>PBXFileReference</string>
			<key>path</key>
			<string>paeban_ios_beta.app</string>
			<key>sourceTree</key>
			<string>BUILT_PRODUCTS_DIR</string>
		</dict>
		<key>931FF1921CFEA848000E7F8A</key>
		<dict>
			<key>children</key>
			<array>
				<string>931FF1911CFEA848000E7F8A</string>
			</array>
			<key>isa</key>
			<string>PBXGroup</string>
			<key>name</key>
			<string>Products</string>
			<key>sourceTree</key>
			<string>&lt;group&gt;</string>
		</dict>
		<key>931FF1931CFEA848000E7F8A</key>
		<dict>
			<key>children</key>
			<array>
				<string>CF9D62D51D903B61003ECB3F</string>
				<string>932A00D01CFEBA460036E1EA</string>
				<string>932A00D11CFEBA460036E1EA</string>
				<string>CF13867D1D98CE0600E70990</string>
				<string>932A00D31CFEBA460036E1EA</string>
				<string>932A00E01CFEBA460036E1EA</string>
				<string>932A00D21CFEBA460036E1EA</string>
				<string>932A00E11CFEBA460036E1EA</string>
				<string>93AEF2901D0141FB007FDE51</string>
				<string>93AEF28D1D0140DC007FDE51</string>
				<string>93AEF2911D01427D007FDE51</string>
				<string>93AEF28E1D01410A007FDE51</string>
				<string>93AEF28F1D01419D007FDE51</string>
				<string>CF13867A1D98C43D00E70990</string>
				<string>932A00DE1CFEBA460036E1EA</string>
				<string>932A00D71CFEBA460036E1EA</string>
				<string>932A00DB1CFEBA460036E1EA</string>
				<string>932A00F41D0025AC0036E1EA</string>
				<string>931FF1A01CFEA848000E7F8A</string>
			</array>
			<key>isa</key>
			<string>PBXGroup</string>
			<key>path</key>
			<string>paeban_ios_beta</string>
			<key>sourceTree</key>
			<string>&lt;group&gt;</string>
		</dict>
		<key>931FF1A01CFEA848000E7F8A</key>
		<dict>
			<key>isa</key>
			<string>PBXFileReference</string>
			<key>lastKnownFileType</key>
			<string>text.plist.xml</string>
			<key>path</key>
			<string>Info.plist</string>
			<key>sourceTree</key>
			<string>&lt;group&gt;</string>
		</dict>
		<key>931FF1A11CFEA848000E7F8A</key>
		<dict>
			<key>buildSettings</key>
			<dict>
				<key>ALWAYS_EMBED_SWIFT_STANDARD_LIBRARIES</key>
				<string>NO</string>
				<key>ALWAYS_SEARCH_USER_PATHS</key>
				<string>NO</string>
				<key>CLANG_ANALYZER_NONNULL</key>
				<string>YES</string>
				<key>CLANG_CXX_LANGUAGE_STANDARD</key>
				<string>gnu++0x</string>
				<key>CLANG_CXX_LIBRARY</key>
				<string>libc++</string>
				<key>CLANG_ENABLE_MODULES</key>
				<string>YES</string>
				<key>CLANG_ENABLE_OBJC_ARC</key>
				<string>YES</string>
				<key>CLANG_WARN_BOOL_CONVERSION</key>
				<string>YES</string>
				<key>CLANG_WARN_CONSTANT_CONVERSION</key>
				<string>YES</string>
				<key>CLANG_WARN_DIRECT_OBJC_ISA_USAGE</key>
				<string>YES_ERROR</string>
				<key>CLANG_WARN_EMPTY_BODY</key>
				<string>YES</string>
				<key>CLANG_WARN_ENUM_CONVERSION</key>
				<string>YES</string>
				<key>CLANG_WARN_INFINITE_RECURSION</key>
				<string>YES</string>
				<key>CLANG_WARN_INT_CONVERSION</key>
				<string>YES</string>
				<key>CLANG_WARN_OBJC_ROOT_CLASS</key>
				<string>YES_ERROR</string>
				<key>CLANG_WARN_SUSPICIOUS_MOVE</key>
				<string>YES</string>
				<key>CLANG_WARN_UNREACHABLE_CODE</key>
				<string>YES</string>
				<key>CLANG_WARN__DUPLICATE_METHOD_MATCH</key>
				<string>YES</string>
				<key>CODE_SIGN_IDENTITY[sdk=iphoneos*]</key>
				<string>iPhone Developer</string>
				<key>COPY_PHASE_STRIP</key>
				<string>NO</string>
				<key>DEBUG_INFORMATION_FORMAT</key>
				<string>dwarf</string>
				<key>ENABLE_STRICT_OBJC_MSGSEND</key>
				<string>YES</string>
				<key>ENABLE_TESTABILITY</key>
				<string>YES</string>
				<key>GCC_C_LANGUAGE_STANDARD</key>
				<string>gnu99</string>
				<key>GCC_DYNAMIC_NO_PIC</key>
				<string>NO</string>
				<key>GCC_NO_COMMON_BLOCKS</key>
				<string>YES</string>
				<key>GCC_OPTIMIZATION_LEVEL</key>
				<string>0</string>
				<key>GCC_PREPROCESSOR_DEFINITIONS</key>
				<array>
					<string>DEBUG=1</string>
					<string>$(inherited)</string>
				</array>
				<key>GCC_WARN_64_TO_32_BIT_CONVERSION</key>
				<string>YES</string>
				<key>GCC_WARN_ABOUT_RETURN_TYPE</key>
				<string>YES_ERROR</string>
				<key>GCC_WARN_UNDECLARED_SELECTOR</key>
				<string>YES</string>
				<key>GCC_WARN_UNINITIALIZED_AUTOS</key>
				<string>YES_AGGRESSIVE</string>
				<key>GCC_WARN_UNUSED_FUNCTION</key>
				<string>YES</string>
				<key>GCC_WARN_UNUSED_VARIABLE</key>
				<string>YES</string>
				<key>IPHONEOS_DEPLOYMENT_TARGET</key>
				<string>9.3</string>
				<key>MTL_ENABLE_DEBUG_INFO</key>
				<string>YES</string>
				<key>ONLY_ACTIVE_ARCH</key>
				<string>YES</string>
				<key>SDKROOT</key>
				<string>iphoneos</string>
				<key>SWIFT_OPTIMIZATION_LEVEL</key>
				<string>-Onone</string>
				<key>SWIFT_VERSION</key>
				<string>3.0</string>
			</dict>
			<key>isa</key>
			<string>XCBuildConfiguration</string>
			<key>name</key>
			<string>Debug</string>
		</dict>
		<key>931FF1A21CFEA848000E7F8A</key>
		<dict>
			<key>buildSettings</key>
			<dict>
				<key>ALWAYS_EMBED_SWIFT_STANDARD_LIBRARIES</key>
				<string>NO</string>
				<key>ALWAYS_SEARCH_USER_PATHS</key>
				<string>NO</string>
				<key>CLANG_ANALYZER_NONNULL</key>
				<string>YES</string>
				<key>CLANG_CXX_LANGUAGE_STANDARD</key>
				<string>gnu++0x</string>
				<key>CLANG_CXX_LIBRARY</key>
				<string>libc++</string>
				<key>CLANG_ENABLE_MODULES</key>
				<string>YES</string>
				<key>CLANG_ENABLE_OBJC_ARC</key>
				<string>YES</string>
				<key>CLANG_WARN_BOOL_CONVERSION</key>
				<string>YES</string>
				<key>CLANG_WARN_CONSTANT_CONVERSION</key>
				<string>YES</string>
				<key>CLANG_WARN_DIRECT_OBJC_ISA_USAGE</key>
				<string>YES_ERROR</string>
				<key>CLANG_WARN_EMPTY_BODY</key>
				<string>YES</string>
				<key>CLANG_WARN_ENUM_CONVERSION</key>
				<string>YES</string>
				<key>CLANG_WARN_INFINITE_RECURSION</key>
				<string>YES</string>
				<key>CLANG_WARN_INT_CONVERSION</key>
				<string>YES</string>
				<key>CLANG_WARN_OBJC_ROOT_CLASS</key>
				<string>YES_ERROR</string>
				<key>CLANG_WARN_SUSPICIOUS_MOVE</key>
				<string>YES</string>
				<key>CLANG_WARN_UNREACHABLE_CODE</key>
				<string>YES</string>
				<key>CLANG_WARN__DUPLICATE_METHOD_MATCH</key>
				<string>YES</string>
				<key>CODE_SIGN_IDENTITY[sdk=iphoneos*]</key>
				<string>iPhone Developer</string>
				<key>COPY_PHASE_STRIP</key>
				<string>NO</string>
				<key>DEBUG_INFORMATION_FORMAT</key>
				<string>dwarf-with-dsym</string>
				<key>ENABLE_NS_ASSERTIONS</key>
				<string>NO</string>
				<key>ENABLE_STRICT_OBJC_MSGSEND</key>
				<string>YES</string>
				<key>GCC_C_LANGUAGE_STANDARD</key>
				<string>gnu99</string>
				<key>GCC_NO_COMMON_BLOCKS</key>
				<string>YES</string>
				<key>GCC_WARN_64_TO_32_BIT_CONVERSION</key>
				<string>YES</string>
				<key>GCC_WARN_ABOUT_RETURN_TYPE</key>
				<string>YES_ERROR</string>
				<key>GCC_WARN_UNDECLARED_SELECTOR</key>
				<string>YES</string>
				<key>GCC_WARN_UNINITIALIZED_AUTOS</key>
				<string>YES_AGGRESSIVE</string>
				<key>GCC_WARN_UNUSED_FUNCTION</key>
				<string>YES</string>
				<key>GCC_WARN_UNUSED_VARIABLE</key>
				<string>YES</string>
				<key>IPHONEOS_DEPLOYMENT_TARGET</key>
				<string>9.3</string>
				<key>MTL_ENABLE_DEBUG_INFO</key>
				<string>NO</string>
				<key>SDKROOT</key>
				<string>iphoneos</string>
				<key>SWIFT_OPTIMIZATION_LEVEL</key>
				<string>-Owholemodule</string>
				<key>SWIFT_VERSION</key>
				<string>3.0</string>
				<key>VALIDATE_PRODUCT</key>
				<string>YES</string>
			</dict>
			<key>isa</key>
			<string>XCBuildConfiguration</string>
			<key>name</key>
			<string>Release</string>
		</dict>
		<key>931FF1A31CFEA848000E7F8A</key>
		<dict>
			<key>buildConfigurations</key>
			<array>
				<string>931FF1A41CFEA848000E7F8A</string>
				<string>931FF1A51CFEA848000E7F8A</string>
			</array>
			<key>defaultConfigurationIsVisible</key>
			<string>0</string>
			<key>defaultConfigurationName</key>
			<string>Release</string>
			<key>isa</key>
			<string>XCConfigurationList</string>
		</dict>
		<key>931FF1A41CFEA848000E7F8A</key>
		<dict>
			<key>baseConfigurationReference</key>
			<string>0AD9DDAF145078799E7A5AB5</string>
			<key>buildSettings</key>
			<dict>
				<key>ALWAYS_EMBED_SWIFT_STANDARD_LIBRARIES</key>
				<string>NO</string>
				<key>ASSETCATALOG_COMPILER_APPICON_NAME</key>
				<string>AppIcon</string>
				<key>CLANG_ENABLE_MODULES</key>
				<string>YES</string>
				<key>CODE_SIGN_ENTITLEMENTS</key>
				<string>paeban_ios_beta/paeban_ios_beta.entitlements</string>
				<key>CODE_SIGN_IDENTITY</key>
				<string>iPhone Developer</string>
				<key>CODE_SIGN_IDENTITY[sdk=iphoneos*]</key>
				<string>iPhone Developer</string>
				<key>FRAMEWORK_SEARCH_PATHS</key>
				<array>
					<string>$(inherited)</string>
					<string>$(PROJECT_DIR)/paeban_ios_beta</string>
				</array>
				<key>INFOPLIST_FILE</key>
				<string>paeban_ios_beta/Info.plist</string>
				<key>IPHONEOS_DEPLOYMENT_TARGET</key>
				<string>9.3</string>
				<key>LD_RUNPATH_SEARCH_PATHS</key>
				<string>$(inherited) @executable_path/Frameworks</string>
				<key>PRODUCT_BUNDLE_IDENTIFIER</key>
				<string>prototype.sean</string>
				<key>PRODUCT_NAME</key>
				<string>$(TARGET_NAME)</string>
				<key>PROVISIONING_PROFILE</key>
				<string></string>
				<key>SWIFT_OPTIMIZATION_LEVEL</key>
				<string>-Onone</string>
				<key>SWIFT_VERSION</key>
				<string>3.0</string>
			</dict>
			<key>isa</key>
			<string>XCBuildConfiguration</string>
			<key>name</key>
			<string>Debug</string>
		</dict>
		<key>931FF1A51CFEA848000E7F8A</key>
		<dict>
			<key>baseConfigurationReference</key>
			<string>31B957F7F077F2F764A7EFC0</string>
			<key>buildSettings</key>
			<dict>
				<key>ALWAYS_EMBED_SWIFT_STANDARD_LIBRARIES</key>
				<string>NO</string>
				<key>ASSETCATALOG_COMPILER_APPICON_NAME</key>
				<string>AppIcon</string>
				<key>CLANG_ENABLE_MODULES</key>
				<string>YES</string>
				<key>CODE_SIGN_ENTITLEMENTS</key>
				<string>paeban_ios_beta/paeban_ios_beta.entitlements</string>
				<key>CODE_SIGN_IDENTITY</key>
				<string>iPhone Developer</string>
				<key>CODE_SIGN_IDENTITY[sdk=iphoneos*]</key>
				<string>iPhone Developer</string>
				<key>FRAMEWORK_SEARCH_PATHS</key>
				<array>
					<string>$(inherited)</string>
					<string>$(PROJECT_DIR)/paeban_ios_beta</string>
				</array>
				<key>INFOPLIST_FILE</key>
				<string>paeban_ios_beta/Info.plist</string>
				<key>IPHONEOS_DEPLOYMENT_TARGET</key>
				<string>9.3</string>
				<key>LD_RUNPATH_SEARCH_PATHS</key>
				<string>$(inherited) @executable_path/Frameworks</string>
				<key>PRODUCT_BUNDLE_IDENTIFIER</key>
				<string>prototype.sean</string>
				<key>PRODUCT_NAME</key>
				<string>$(TARGET_NAME)</string>
				<key>PROVISIONING_PROFILE</key>
				<string></string>
				<key>SWIFT_VERSION</key>
				<string>3.0</string>
			</dict>
			<key>isa</key>
			<string>XCBuildConfiguration</string>
			<key>name</key>
			<string>Release</string>
		</dict>
		<key>932A00D01CFEBA460036E1EA</key>
		<dict>
			<key>fileEncoding</key>
			<string>4</string>
			<key>isa</key>
			<string>PBXFileReference</string>
			<key>lastKnownFileType</key>
			<string>sourcecode.swift</string>
			<key>path</key>
			<string>AppDelegate.swift</string>
			<key>sourceTree</key>
			<string>&lt;group&gt;</string>
		</dict>
		<key>932A00D11CFEBA460036E1EA</key>
		<dict>
			<key>fileEncoding</key>
			<string>4</string>
			<key>isa</key>
			<string>PBXFileReference</string>
			<key>lastKnownFileType</key>
			<string>sourcecode.swift</string>
			<key>path</key>
			<string>ToolsFunction.swift</string>
			<key>sourceTree</key>
			<string>&lt;group&gt;</string>
		</dict>
		<key>932A00D21CFEBA460036E1EA</key>
		<dict>
			<key>fileEncoding</key>
			<string>4</string>
			<key>isa</key>
			<string>PBXFileReference</string>
			<key>lastKnownFileType</key>
			<string>sourcecode.swift</string>
			<key>path</key>
			<string>ViewController.swift</string>
			<key>sourceTree</key>
			<string>&lt;group&gt;</string>
		</dict>
		<key>932A00D31CFEBA460036E1EA</key>
		<dict>
			<key>fileEncoding</key>
			<string>4</string>
			<key>isa</key>
			<string>PBXFileReference</string>
			<key>lastKnownFileType</key>
			<string>sourcecode.swift</string>
			<key>path</key>
			<string>&#65320;ttpRequestCenter.swift</string>
			<key>sourceTree</key>
			<string>&lt;group&gt;</string>
		</dict>
		<key>932A00D41CFEBA460036E1EA</key>
		<dict>
			<key>fileEncoding</key>
			<string>4</string>
			<key>isa</key>
			<string>PBXFileReference</string>
			<key>lastKnownFileType</key>
			<string>sourcecode.swift</string>
			<key>path</key>
			<string>Topic.swift</string>
			<key>sourceTree</key>
			<string>&lt;group&gt;</string>
		</dict>
		<key>932A00D51CFEBA460036E1EA</key>
		<dict>
			<key>fileEncoding</key>
			<string>4</string>
			<key>isa</key>
			<string>PBXFileReference</string>
			<key>lastKnownFileType</key>
			<string>sourcecode.swift</string>
			<key>path</key>
			<string>TopicTableViewController.swift</string>
			<key>sourceTree</key>
			<string>&lt;group&gt;</string>
		</dict>
		<key>932A00D61CFEBA460036E1EA</key>
		<dict>
			<key>fileEncoding</key>
			<string>4</string>
			<key>isa</key>
			<string>PBXFileReference</string>
			<key>lastKnownFileType</key>
			<string>sourcecode.swift</string>
			<key>path</key>
			<string>TopicCellTableViewCell.swift</string>
			<key>sourceTree</key>
			<string>&lt;group&gt;</string>
		</dict>
		<key>932A00D71CFEBA460036E1EA</key>
		<dict>
			<key>fileEncoding</key>
			<string>4</string>
			<key>isa</key>
			<string>PBXFileReference</string>
			<key>lastKnownFileType</key>
			<string>file.storyboard</string>
			<key>path</key>
			<string>Main.storyboard</string>
			<key>sourceTree</key>
			<string>&lt;group&gt;</string>
		</dict>
		<key>932A00D91CFEBA460036E1EA</key>
		<dict>
			<key>fileEncoding</key>
			<string>4</string>
			<key>isa</key>
			<string>PBXFileReference</string>
			<key>lastKnownFileType</key>
			<string>sourcecode.swift</string>
			<key>path</key>
			<string>TopicNavViewController.swift</string>
			<key>sourceTree</key>
			<string>&lt;group&gt;</string>
		</dict>
		<key>932A00DA1CFEBA460036E1EA</key>
		<dict>
			<key>fileEncoding</key>
			<string>4</string>
			<key>isa</key>
			<string>PBXFileReference</string>
			<key>lastKnownFileType</key>
			<string>sourcecode.swift</string>
			<key>path</key>
			<string>TopicViewController.swift</string>
			<key>sourceTree</key>
			<string>&lt;group&gt;</string>
		</dict>
		<key>932A00DB1CFEBA460036E1EA</key>
		<dict>
			<key>fileEncoding</key>
			<string>4</string>
			<key>isa</key>
			<string>PBXFileReference</string>
			<key>lastKnownFileType</key>
			<string>sourcecode.swift</string>
			<key>path</key>
			<string>Labels.swift</string>
			<key>sourceTree</key>
			<string>&lt;group&gt;</string>
		</dict>
		<key>932A00DC1CFEBA460036E1EA</key>
		<dict>
			<key>fileEncoding</key>
			<string>4</string>
			<key>isa</key>
			<string>PBXFileReference</string>
			<key>lastKnownFileType</key>
			<string>sourcecode.swift</string>
			<key>path</key>
			<string>MyTopicTableViewCell.swift</string>
			<key>sourceTree</key>
			<string>&lt;group&gt;</string>
		</dict>
		<key>932A00DD1CFEBA460036E1EA</key>
		<dict>
			<key>fileEncoding</key>
			<string>4</string>
			<key>isa</key>
			<string>PBXFileReference</string>
			<key>lastKnownFileType</key>
			<string>sourcecode.swift</string>
			<key>path</key>
			<string>MyTopicTableViewController.swift</string>
			<key>sourceTree</key>
			<string>&lt;group&gt;</string>
		</dict>
		<key>932A00DE1CFEBA460036E1EA</key>
		<dict>
			<key>fileEncoding</key>
			<string>4</string>
			<key>isa</key>
			<string>PBXFileReference</string>
			<key>lastKnownFileType</key>
			<string>sourcecode.swift</string>
			<key>path</key>
			<string>ChatViewController.swift</string>
			<key>sourceTree</key>
			<string>&lt;group&gt;</string>
		</dict>
		<key>932A00DF1CFEBA460036E1EA</key>
		<dict>
			<key>fileEncoding</key>
			<string>4</string>
			<key>isa</key>
			<string>PBXFileReference</string>
			<key>lastKnownFileType</key>
			<string>sourcecode.swift</string>
			<key>path</key>
			<string>LaunchScreenViewController.swift</string>
			<key>sourceTree</key>
			<string>&lt;group&gt;</string>
		</dict>
		<key>932A00E01CFEBA460036E1EA</key>
		<dict>
			<key>fileEncoding</key>
			<string>4</string>
			<key>isa</key>
			<string>PBXFileReference</string>
			<key>lastKnownFileType</key>
			<string>sourcecode.swift</string>
			<key>path</key>
			<string>Login_paeban.swift</string>
			<key>sourceTree</key>
			<string>&lt;group&gt;</string>
		</dict>
		<key>932A00E11CFEBA460036E1EA</key>
		<dict>
			<key>fileEncoding</key>
			<string>4</string>
			<key>isa</key>
			<string>PBXFileReference</string>
			<key>lastKnownFileType</key>
			<string>sourcecode.swift</string>
			<key>path</key>
			<string>web_socket.swift</string>
			<key>sourceTree</key>
			<string>&lt;group&gt;</string>
		</dict>
		<key>932A00E21CFEBA460036E1EA</key>
		<dict>
			<key>fileRef</key>
			<string>932A00D01CFEBA460036E1EA</string>
			<key>isa</key>
			<string>PBXBuildFile</string>
		</dict>
		<key>932A00E31CFEBA460036E1EA</key>
		<dict>
			<key>fileRef</key>
			<string>932A00D11CFEBA460036E1EA</string>
			<key>isa</key>
			<string>PBXBuildFile</string>
		</dict>
		<key>932A00E41CFEBA460036E1EA</key>
		<dict>
			<key>fileRef</key>
			<string>932A00D21CFEBA460036E1EA</string>
			<key>isa</key>
			<string>PBXBuildFile</string>
		</dict>
		<key>932A00E51CFEBA460036E1EA</key>
		<dict>
			<key>fileRef</key>
			<string>932A00D31CFEBA460036E1EA</string>
			<key>isa</key>
			<string>PBXBuildFile</string>
		</dict>
		<key>932A00E61CFEBA460036E1EA</key>
		<dict>
			<key>fileRef</key>
			<string>932A00D41CFEBA460036E1EA</string>
			<key>isa</key>
			<string>PBXBuildFile</string>
		</dict>
		<key>932A00E71CFEBA460036E1EA</key>
		<dict>
			<key>fileRef</key>
			<string>932A00D51CFEBA460036E1EA</string>
			<key>isa</key>
			<string>PBXBuildFile</string>
		</dict>
		<key>932A00E81CFEBA460036E1EA</key>
		<dict>
			<key>fileRef</key>
			<string>932A00D61CFEBA460036E1EA</string>
			<key>isa</key>
			<string>PBXBuildFile</string>
		</dict>
		<key>932A00E91CFEBA460036E1EA</key>
		<dict>
			<key>fileRef</key>
			<string>932A00D71CFEBA460036E1EA</string>
			<key>isa</key>
			<string>PBXBuildFile</string>
		</dict>
		<key>932A00EB1CFEBA460036E1EA</key>
		<dict>
			<key>fileRef</key>
			<string>932A00D91CFEBA460036E1EA</string>
			<key>isa</key>
			<string>PBXBuildFile</string>
		</dict>
		<key>932A00EC1CFEBA460036E1EA</key>
		<dict>
			<key>fileRef</key>
			<string>932A00DA1CFEBA460036E1EA</string>
			<key>isa</key>
			<string>PBXBuildFile</string>
		</dict>
		<key>932A00ED1CFEBA460036E1EA</key>
		<dict>
			<key>fileRef</key>
			<string>932A00DB1CFEBA460036E1EA</string>
			<key>isa</key>
			<string>PBXBuildFile</string>
		</dict>
		<key>932A00EE1CFEBA460036E1EA</key>
		<dict>
			<key>fileRef</key>
			<string>932A00DC1CFEBA460036E1EA</string>
			<key>isa</key>
			<string>PBXBuildFile</string>
		</dict>
		<key>932A00EF1CFEBA460036E1EA</key>
		<dict>
			<key>fileRef</key>
			<string>932A00DD1CFEBA460036E1EA</string>
			<key>isa</key>
			<string>PBXBuildFile</string>
		</dict>
		<key>932A00F01CFEBA460036E1EA</key>
		<dict>
			<key>fileRef</key>
			<string>932A00DE1CFEBA460036E1EA</string>
			<key>isa</key>
			<string>PBXBuildFile</string>
		</dict>
		<key>932A00F11CFEBA460036E1EA</key>
		<dict>
			<key>fileRef</key>
			<string>932A00DF1CFEBA460036E1EA</string>
			<key>isa</key>
			<string>PBXBuildFile</string>
		</dict>
		<key>932A00F21CFEBA460036E1EA</key>
		<dict>
			<key>fileRef</key>
			<string>932A00E01CFEBA460036E1EA</string>
			<key>isa</key>
			<string>PBXBuildFile</string>
		</dict>
		<key>932A00F31CFEBA460036E1EA</key>
		<dict>
			<key>fileRef</key>
			<string>932A00E11CFEBA460036E1EA</string>
			<key>isa</key>
			<string>PBXBuildFile</string>
		</dict>
		<key>932A00F41D0025AC0036E1EA</key>
		<dict>
			<key>isa</key>
			<string>PBXFileReference</string>
			<key>lastKnownFileType</key>
			<string>folder.assetcatalog</string>
			<key>path</key>
			<string>Assets.xcassets</string>
			<key>sourceTree</key>
			<string>&lt;group&gt;</string>
		</dict>
		<key>932A00F51D0025AC0036E1EA</key>
		<dict>
			<key>fileRef</key>
			<string>932A00F41D0025AC0036E1EA</string>
			<key>isa</key>
			<string>PBXBuildFile</string>
		</dict>
		<key>936F9FEE1D72C50200A3F1C9</key>
		<dict>
			<key>fileEncoding</key>
			<string>4</string>
			<key>isa</key>
			<string>PBXFileReference</string>
			<key>lastKnownFileType</key>
			<string>sourcecode.swift</string>
			<key>path</key>
			<string>MyTopicViewController.swift</string>
			<key>sourceTree</key>
			<string>&lt;group&gt;</string>
		</dict>
		<key>936F9FEF1D72C50200A3F1C9</key>
		<dict>
			<key>fileRef</key>
			<string>936F9FEE1D72C50200A3F1C9</string>
			<key>isa</key>
			<string>PBXBuildFile</string>
		</dict>
		<key>93AEF28B1D002A2C007FDE51</key>
		<dict>
			<key>fileEncoding</key>
			<string>4</string>
			<key>isa</key>
			<string>PBXFileReference</string>
			<key>lastKnownFileType</key>
			<string>file.storyboard</string>
			<key>path</key>
			<string>Launch Screen.storyboard</string>
			<key>sourceTree</key>
			<string>&lt;group&gt;</string>
		</dict>
		<key>93AEF28C1D002A2C007FDE51</key>
		<dict>
			<key>fileRef</key>
			<string>93AEF28B1D002A2C007FDE51</string>
			<key>isa</key>
			<string>PBXBuildFile</string>
		</dict>
		<key>93AEF28D1D0140DC007FDE51</key>
		<dict>
			<key>children</key>
			<array>
				<string>932A00DD1CFEBA460036E1EA</string>
				<string>932A00DC1CFEBA460036E1EA</string>
				<string>CFAC257E1D310EE300149CC6</string>
				<string>CFE9E4D31D376F7F007B5D76</string>
				<string>930983E11D0166F5005B8E3B</string>
				<string>936F9FEE1D72C50200A3F1C9</string>
			</array>
			<key>isa</key>
			<string>PBXGroup</string>
			<key>name</key>
			<string>myTopics</string>
			<key>sourceTree</key>
			<string>&lt;group&gt;</string>
		</dict>
		<key>93AEF28E1D01410A007FDE51</key>
		<dict>
			<key>children</key>
			<array>
				<string>CF2E9D611D7BDF9E00F485BB</string>
				<string>CF2A076B1D7D42CE005B0358</string>
				<string>CF2E9D691D7C76D600F485BB</string>
				<string>CF2E9D651D7BDFE300F485BB</string>
				<string>CF2E9D631D7BDFC000F485BB</string>
				<string>CF2E9D671D7BE33C00F485BB</string>
			</array>
			<key>isa</key>
			<string>PBXGroup</string>
			<key>name</key>
			<string>friends</string>
			<key>sourceTree</key>
			<string>&lt;group&gt;</string>
		</dict>
		<key>93AEF28F1D01419D007FDE51</key>
		<dict>
			<key>children</key>
			<array>
				<string>93AEF28B1D002A2C007FDE51</string>
				<string>932A00DF1CFEBA460036E1EA</string>
			</array>
			<key>isa</key>
			<string>PBXGroup</string>
			<key>name</key>
			<string>launchScreen</string>
			<key>sourceTree</key>
			<string>&lt;group&gt;</string>
		</dict>
		<key>93AEF2901D0141FB007FDE51</key>
		<dict>
			<key>children</key>
			<array>
				<string>932A00D91CFEBA460036E1EA</string>
				<string>932A00D61CFEBA460036E1EA</string>
				<string>932A00D51CFEBA460036E1EA</string>
				<string>932A00DA1CFEBA460036E1EA</string>
				<string>9301F6031D1D16F900D1F8C0</string>
				<string>9301F6051D1D1A2800D1F8C0</string>
				<string>932A00D41CFEBA460036E1EA</string>
				<string>930983E71D056971005B8E3B</string>
			</array>
			<key>isa</key>
			<string>PBXGroup</string>
			<key>name</key>
			<string>topic</string>
			<key>sourceTree</key>
			<string>&lt;group&gt;</string>
		</dict>
		<key>93AEF2911D01427D007FDE51</key>
		<dict>
			<key>children</key>
			<array>
				<string>CFCC8A8A1D78336500D5EDF6</string>
				<string>CFCC8A881D78329C00D5EDF6</string>
				<string>CFCC8A841D78327800D5EDF6</string>
			</array>
			<key>isa</key>
			<string>PBXGroup</string>
			<key>name</key>
			<string>recent</string>
			<key>sourceTree</key>
			<string>&lt;group&gt;</string>
		</dict>
		<key>B476C3708840453BEC5DD446</key>
		<dict>
			<key>fileRef</key>
			<string>81EACB9BB003ED2F71D8DC6A</string>
			<key>isa</key>
			<string>PBXBuildFile</string>
		</dict>
		<key>B538110DA63B5F7B3096A61A</key>
		<dict>
			<key>buildActionMask</key>
			<string>2147483647</string>
			<key>files</key>
			<array/>
			<key>inputPaths</key>
			<array/>
			<key>isa</key>
			<string>PBXShellScriptBuildPhase</string>
			<key>name</key>
			<string>[CP] Copy Pods Resources</string>
			<key>outputPaths</key>
			<array/>
			<key>runOnlyForDeploymentPostprocessing</key>
			<string>0</string>
			<key>shellPath</key>
			<string>/bin/sh</string>
			<key>shellScript</key>
			<string>"${SRCROOT}/Pods/Target Support Files/Pods-paeban_ios_beta/Pods-paeban_ios_beta-resources.sh"
</string>
			<key>showEnvVarsInLog</key>
			<string>0</string>
		</dict>
		<key>CA99BC61EA123450AAA5E56F</key>
		<dict>
			<key>children</key>
			<array>
				<string>0AD9DDAF145078799E7A5AB5</string>
				<string>31B957F7F077F2F764A7EFC0</string>
			</array>
			<key>isa</key>
			<string>PBXGroup</string>
			<key>name</key>
			<string>Pods</string>
			<key>sourceTree</key>
			<string>&lt;group&gt;</string>
		</dict>
		<key>CDC0217E16800E4CAA3D07AB</key>
		<dict>
			<key>buildActionMask</key>
			<string>2147483647</string>
			<key>files</key>
			<array/>
			<key>inputPaths</key>
			<array/>
			<key>isa</key>
			<string>PBXShellScriptBuildPhase</string>
			<key>name</key>
			<string>[CP] Check Pods Manifest.lock</string>
			<key>outputPaths</key>
			<array/>
			<key>runOnlyForDeploymentPostprocessing</key>
			<string>0</string>
			<key>shellPath</key>
			<string>/bin/sh</string>
			<key>shellScript</key>
			<string>diff "${PODS_ROOT}/../Podfile.lock" "${PODS_ROOT}/Manifest.lock" &gt; /dev/null
if [ $? != 0 ] ; then
    # print error to STDERR
    echo "error: The sandbox is not in sync with the Podfile.lock. Run 'pod install' or update your CocoaPods installation." &gt;&amp;2
    exit 1
fi
</string>
			<key>showEnvVarsInLog</key>
			<string>0</string>
		</dict>
		<key>CF13867A1D98C43D00E70990</key>
		<dict>
			<key>children</key>
			<array/>
			<key>isa</key>
			<string>PBXGroup</string>
			<key>name</key>
			<string>setting</string>
			<key>sourceTree</key>
			<string>&lt;group&gt;</string>
		</dict>
		<key>CF13867B1D98C53C00E70990</key>
		<dict>
			<key>isa</key>
			<string>PBXFileReference</string>
			<key>lastKnownFileType</key>
			<string>wrapper.framework</string>
			<key>name</key>
			<string>StoreKit.framework</string>
			<key>path</key>
			<string>System/Library/Frameworks/StoreKit.framework</string>
			<key>sourceTree</key>
			<string>SDKROOT</string>
		</dict>
		<key>CF13867C1D98C53C00E70990</key>
		<dict>
			<key>fileRef</key>
			<string>CF13867B1D98C53C00E70990</string>
			<key>isa</key>
			<string>PBXBuildFile</string>
		</dict>
		<key>CF13867D1D98CE0600E70990</key>
		<dict>
			<key>fileEncoding</key>
			<string>4</string>
			<key>isa</key>
			<string>PBXFileReference</string>
			<key>lastKnownFileType</key>
			<string>sourcecode.swift</string>
			<key>path</key>
			<string>LoginScrollView.swift</string>
			<key>sourceTree</key>
			<string>&lt;group&gt;</string>
		</dict>
		<key>CF13867E1D98CE0600E70990</key>
		<dict>
			<key>fileRef</key>
			<string>CF13867D1D98CE0600E70990</string>
			<key>isa</key>
			<string>PBXBuildFile</string>
		</dict>
		<key>CF2A076B1D7D42CE005B0358</key>
		<dict>
			<key>fileEncoding</key>
			<string>4</string>
			<key>isa</key>
			<string>PBXFileReference</string>
			<key>lastKnownFileType</key>
			<string>sourcecode.swift</string>
			<key>path</key>
			<string>FriendChatUpViewController.swift</string>
			<key>sourceTree</key>
			<string>&lt;group&gt;</string>
		</dict>
		<key>CF2A076C1D7D42CE005B0358</key>
		<dict>
			<key>fileRef</key>
			<string>CF2A076B1D7D42CE005B0358</string>
			<key>isa</key>
			<string>PBXBuildFile</string>
		</dict>
		<key>CF2E9D611D7BDF9E00F485BB</key>
		<dict>
			<key>fileEncoding</key>
			<string>4</string>
			<key>isa</key>
			<string>PBXFileReference</string>
			<key>lastKnownFileType</key>
			<string>sourcecode.swift</string>
			<key>path</key>
			<string>FriendTableViewController.swift</string>
			<key>sourceTree</key>
			<string>&lt;group&gt;</string>
		</dict>
		<key>CF2E9D621D7BDF9E00F485BB</key>
		<dict>
			<key>fileRef</key>
			<string>CF2E9D611D7BDF9E00F485BB</string>
			<key>isa</key>
			<string>PBXBuildFile</string>
		</dict>
		<key>CF2E9D631D7BDFC000F485BB</key>
		<dict>
			<key>fileEncoding</key>
			<string>4</string>
			<key>isa</key>
			<string>PBXFileReference</string>
			<key>lastKnownFileType</key>
			<string>sourcecode.swift</string>
			<key>path</key>
			<string>FriendTableViewCell.swift</string>
			<key>sourceTree</key>
			<string>&lt;group&gt;</string>
		</dict>
		<key>CF2E9D641D7BDFC000F485BB</key>
		<dict>
			<key>fileRef</key>
			<string>CF2E9D631D7BDFC000F485BB</string>
			<key>isa</key>
			<string>PBXBuildFile</string>
		</dict>
		<key>CF2E9D651D7BDFE300F485BB</key>
		<dict>
			<key>fileEncoding</key>
			<string>4</string>
			<key>isa</key>
			<string>PBXFileReference</string>
			<key>lastKnownFileType</key>
			<string>sourcecode.swift</string>
			<key>path</key>
			<string>FriendTableViewMedol.swift</string>
			<key>sourceTree</key>
			<string>&lt;group&gt;</string>
		</dict>
		<key>CF2E9D661D7BDFE300F485BB</key>
		<dict>
			<key>fileRef</key>
			<string>CF2E9D651D7BDFE300F485BB</string>
			<key>isa</key>
			<string>PBXBuildFile</string>
		</dict>
		<key>CF2E9D671D7BE33C00F485BB</key>
		<dict>
			<key>fileEncoding</key>
			<string>4</string>
			<key>isa</key>
			<string>PBXFileReference</string>
			<key>lastKnownFileType</key>
			<string>sourcecode.swift</string>
			<key>path</key>
			<string>FriendStanderType.swift</string>
			<key>sourceTree</key>
			<string>&lt;group&gt;</string>
		</dict>
		<key>CF2E9D681D7BE33C00F485BB</key>
		<dict>
			<key>fileRef</key>
			<string>CF2E9D671D7BE33C00F485BB</string>
			<key>isa</key>
			<string>PBXBuildFile</string>
		</dict>
		<key>CF2E9D691D7C76D600F485BB</key>
		<dict>
			<key>fileEncoding</key>
			<string>4</string>
			<key>isa</key>
			<string>PBXFileReference</string>
			<key>lastKnownFileType</key>
			<string>sourcecode.swift</string>
			<key>path</key>
			<string>FriendChatViewController.swift</string>
			<key>sourceTree</key>
			<string>&lt;group&gt;</string>
		</dict>
		<key>CF2E9D6A1D7C76D600F485BB</key>
		<dict>
			<key>fileRef</key>
			<string>CF2E9D691D7C76D600F485BB</string>
			<key>isa</key>
			<string>PBXBuildFile</string>
		</dict>
		<key>CF9D62D51D903B61003ECB3F</key>
		<dict>
			<key>isa</key>
			<string>PBXFileReference</string>
			<key>lastKnownFileType</key>
			<string>text.xml</string>
			<key>path</key>
			<string>paeban_ios_beta.entitlements</string>
			<key>sourceTree</key>
			<string>&lt;group&gt;</string>
		</dict>
		<key>CFAC257E1D310EE300149CC6</key>
		<dict>
			<key>fileEncoding</key>
			<string>4</string>
			<key>isa</key>
			<string>PBXFileReference</string>
			<key>lastKnownFileType</key>
			<string>sourcecode.swift</string>
			<key>path</key>
			<string>TopicSecTableViewCell.swift</string>
			<key>sourceTree</key>
			<string>&lt;group&gt;</string>
		</dict>
		<key>CFAC257F1D310EE300149CC6</key>
		<dict>
			<key>fileRef</key>
			<string>CFAC257E1D310EE300149CC6</string>
			<key>isa</key>
			<string>PBXBuildFile</string>
		</dict>
		<key>CFCC8A841D78327800D5EDF6</key>
		<dict>
			<key>fileEncoding</key>
			<string>4</string>
			<key>isa</key>
			<string>PBXFileReference</string>
			<key>lastKnownFileType</key>
			<string>sourcecode.swift</string>
			<key>path</key>
			<string>RecentTableViewCell.swift</string>
			<key>sourceTree</key>
			<string>&lt;group&gt;</string>
		</dict>
		<key>CFCC8A851D78327800D5EDF6</key>
		<dict>
			<key>fileRef</key>
			<string>CFCC8A841D78327800D5EDF6</string>
			<key>isa</key>
			<string>PBXBuildFile</string>
		</dict>
		<key>CFCC8A881D78329C00D5EDF6</key>
		<dict>
			<key>fileEncoding</key>
			<string>4</string>
			<key>isa</key>
			<string>PBXFileReference</string>
			<key>lastKnownFileType</key>
			<string>sourcecode.swift</string>
			<key>path</key>
			<string>RecentTableViewModel.swift</string>
			<key>sourceTree</key>
			<string>&lt;group&gt;</string>
		</dict>
		<key>CFCC8A891D78329C00D5EDF6</key>
		<dict>
			<key>fileRef</key>
			<string>CFCC8A881D78329C00D5EDF6</string>
			<key>isa</key>
			<string>PBXBuildFile</string>
		</dict>
		<key>CFCC8A8A1D78336500D5EDF6</key>
		<dict>
			<key>fileEncoding</key>
			<string>4</string>
			<key>isa</key>
			<string>PBXFileReference</string>
			<key>lastKnownFileType</key>
			<string>sourcecode.swift</string>
			<key>path</key>
			<string>RecentTableViewController.swift</string>
			<key>sourceTree</key>
			<string>&lt;group&gt;</string>
		</dict>
		<key>CFCC8A8B1D78336500D5EDF6</key>
		<dict>
			<key>fileRef</key>
			<string>CFCC8A8A1D78336500D5EDF6</string>
			<key>isa</key>
			<string>PBXBuildFile</string>
		</dict>
		<key>CFE9E4D31D376F7F007B5D76</key>
		<dict>
			<key>fileEncoding</key>
			<string>4</string>
			<key>isa</key>
			<string>PBXFileReference</string>
			<key>lastKnownFileType</key>
			<string>sourcecode.swift</string>
			<key>path</key>
			<string>TableViewLoadingCell.swift</string>
			<key>sourceTree</key>
			<string>&lt;group&gt;</string>
		</dict>
		<key>CFE9E4D41D376F7F007B5D76</key>
		<dict>
			<key>fileRef</key>
			<string>CFE9E4D31D376F7F007B5D76</string>
			<key>isa</key>
			<string>PBXBuildFile</string>
		</dict>
	</dict>
	<key>rootObject</key>
	<string>931FF1891CFEA848000E7F8A</string>
</dict>
</plist>
